<?xml version="1.0" encoding="utf-8"?>
<Project ToolsVersion="4.0" xmlns="http://schemas.microsoft.com/developer/msbuild/2003">
  <ItemGroup>
    <Filter Include="Header Files">
      <UniqueIdentifier>{05add13e-8113-412d-8d79-8e78e2479822}</UniqueIdentifier>
    </Filter>
    <Filter Include="Header Files\TextIO">
      <UniqueIdentifier>{c48625fe-e5fe-4383-b7e1-0db3e425d9c6}</UniqueIdentifier>
    </Filter>
    <Filter Include="Header Files\TextIO\Private">
      <UniqueIdentifier>{574ed4c7-5d61-43b5-bb46-69615eca2c3f}</UniqueIdentifier>
    </Filter>
    <Filter Include="Source Files">
      <UniqueIdentifier>{0fbba5d8-a50e-4c0e-b528-47e5ffd69bb1}</UniqueIdentifier>
    </Filter>
    <Filter Include="Source Files\TextIO">
      <UniqueIdentifier>{a9d16bf7-d9c9-46eb-9aad-22e78a12aa6a}</UniqueIdentifier>
    </Filter>
    <Filter Include="Resources">
      <UniqueIdentifier>{d571789b-ee99-4595-b72d-b2c947235e7f}</UniqueIdentifier>
    </Filter>
    <Filter Include="Source Files\TextIO\Private">
      <UniqueIdentifier>{a4d73d99-204f-4f4a-95ba-c51d240e333f}</UniqueIdentifier>
    </Filter>
  </ItemGroup>
  <ItemGroup>
    <ClCompile Include="..\Library\src\CryptographyIO.c">
      <Filter>Source Files</Filter>
    </ClCompile>
    <ClCompile Include="..\Library\src\PlatformIO.c">
      <Filter>Source Files</Filter>
    </ClCompile>
    <ClCompile Include="..\Library\src\MathIO.c">
      <Filter>Source Files</Filter>
    </ClCompile>
    <ClCompile Include="..\Library\src\TestIO.c">
      <Filter>Source Files</Filter>
    </ClCompile>
    <ClCompile Include="..\Library\src\TextIO\CommandLineIO.c">
      <Filter>Source Files\TextIO</Filter>
    </ClCompile>
    <ClCompile Include="..\Library\src\TextIO\FormatIO.c">
      <Filter>Source Files\TextIO</Filter>
    </ClCompile>
    <ClCompile Include="..\Library\src\TextIO\LocalizationIO.c">
      <Filter>Source Files\TextIO</Filter>
    </ClCompile>
    <ClCompile Include="..\Library\src\TextIO\LogIO.c">
      <Filter>Source Files\TextIO</Filter>
    </ClCompile>
    <ClCompile Include="..\Library\src\TextIO\StringIO.c">
      <Filter>Source Files\TextIO</Filter>
    </ClCompile>
    <ClCompile Include="..\Library\src\BufferIO.c">
      <Filter>Source Files</Filter>
    </ClCompile>
    <ClCompile Include="..\Library\src\FileIO.c">
      <Filter>Source Files</Filter>
    </ClCompile>
    <ClCompile Include="..\Library\src\NetworkIO.c">
      <Filter>Source Files</Filter>
    </ClCompile>
    <ClCompile Include="..\Library\src\AsynchronousIO.c">
      <Filter>Source Files</Filter>
    </ClCompile>
    <ClCompile Include="..\Library\src\TextIO\Private\TextIOTables.c">
      <Filter>Source Files\TextIO\Private</Filter>
    </ClCompile>
    <ClCompile Include="..\Library\src\ArrayIO.c">
      <Filter>Source Files</Filter>
    </ClCompile>
    <ClCompile Include="..\Library\src\AssertIO.c">
      <Filter>Source Files</Filter>
    </ClCompile>
    <ClCompile Include="..\Library\src\GUUID.c">
      <Filter>Source Files</Filter>
    </ClCompile>
    <ClCompile Include="..\Library\src\SortIO.c">
      <Filter>Source Files</Filter>
    </ClCompile>
  </ItemGroup>
  <ItemGroup>
    <ClInclude Include="..\Library\include\CryptographyIO.h">
      <Filter>Header Files</Filter>
    </ClInclude>
    <ClInclude Include="..\Library\include\MathIO.h">
      <Filter>Header Files</Filter>
    </ClInclude>
    <ClInclude Include="..\Library\include\PlatformIO.h">
      <Filter>Header Files</Filter>
    </ClInclude>
    <ClInclude Include="..\Library\include\TestIO.h">
      <Filter>Header Files</Filter>
    </ClInclude>
    <ClInclude Include="..\Library\include\TextIO\CommandLineIO.h">
      <Filter>Header Files\TextIO</Filter>
    </ClInclude>
    <ClInclude Include="..\Library\include\TextIO\FormatIO.h">
      <Filter>Header Files\TextIO</Filter>
    </ClInclude>
    <ClInclude Include="..\Library\include\TextIO\LocalizationIO.h">
      <Filter>Header Files\TextIO</Filter>
    </ClInclude>
    <ClInclude Include="..\Library\include\TextIO\LogIO.h">
      <Filter>Header Files\TextIO</Filter>
    </ClInclude>
    <ClInclude Include="..\Library\include\TextIO\StringIO.h">
      <Filter>Header Files\TextIO</Filter>
    </ClInclude>
    <ClInclude Include="..\Library\include\TextIO\TextIOTypes.h">
      <Filter>Header Files\TextIO</Filter>
    </ClInclude>
    <ClInclude Include="..\Library\include\BufferIO.h">
      <Filter>Header Files</Filter>
    </ClInclude>
    <ClInclude Include="..\Library\include\FileIO.h">
      <Filter>Header Files</Filter>
    </ClInclude>
    <ClInclude Include="..\Library\include\NetworkIO.h">
      <Filter>Header Files</Filter>
    </ClInclude>
    <ClInclude Include="..\Library\include\TextIO\Private\TextIOTables.h">
      <Filter>Header Files\TextIO\Private</Filter>
    </ClInclude>
    <ClInclude Include="..\Library\include\AsynchronousIO.h">
      <Filter>Header Files</Filter>
    </ClInclude>
    <ClInclude Include="..\Library\include\ArrayIO.h">
      <Filter>Header Files</Filter>
    </ClInclude>
    <ClInclude Include="..\Library\include\AssertIO.h">
      <Filter>Header Files</Filter>
    </ClInclude>
    <ClInclude Include="..\Library\include\GUUID.h">
      <Filter>Header Files</Filter>
    </ClInclude>
    <ClInclude Include="..\Library\include\RegistrationIO.h">
      <Filter>Header Files</Filter>
    </ClInclude>
    <ClInclude Include="..\Library\include\SortIO.h">
      <Filter>Header Files</Filter>
    </ClInclude>
    <ClInclude Include="..\Library\include\TextIO\StringSetIO.h">
      <Filter>Header Files\TextIO</Filter>
    </ClInclude>
  </ItemGroup>
  <ItemGroup>
    <ResourceCompile Include="..\Resources\FoundationIO.rc">
      <Filter>Resources</Filter>
    </ResourceCompile>
  </ItemGroup>
</Project>