<?xml version="1.0" encoding="utf-8"?>
<Project ToolsVersion="4.0" xmlns="http://schemas.microsoft.com/developer/msbuild/2003">
  <ItemGroup>
    <Filter Include="Source Files">
      <UniqueIdentifier>{0fbba5d8-a50e-4c0e-b528-47e5ffd69bb1}</UniqueIdentifier>
    </Filter>
    <Filter Include="Header Files">
      <UniqueIdentifier>{05add13e-8113-412d-8d79-8e78e2479822}</UniqueIdentifier>
    </Filter>
    <Filter Include="Header Files\Private">
      <UniqueIdentifier>{2264dcef-d145-4526-a25f-8d3d33788b15}</UniqueIdentifier>
    </Filter>
  </ItemGroup>
  <ItemGroup>
    <ClInclude Include="..\Library\include\BitIO.h">
      <Filter>Header Files</Filter>
    </ClInclude>
    <ClInclude Include="..\Library\include\ContainerIO.h">
      <Filter>Header Files</Filter>
    </ClInclude>
    <ClInclude Include="..\Library\include\CryptographyIO.h">
      <Filter>Header Files</Filter>
    </ClInclude>
    <ClInclude Include="..\Library\include\Macros.h">
      <Filter>Header Files</Filter>
    </ClInclude>
    <ClInclude Include="..\Library\include\Math.h">
      <Filter>Header Files</Filter>
    </ClInclude>
    <ClInclude Include="..\Library\include\TestIO.h">
      <Filter>Header Files</Filter>
    </ClInclude>
    <ClInclude Include="..\Library\include\UnicodeIO\CommandLineIO.h">
      <Filter>Header Files\UnicodeIO</Filter>
    </ClInclude>
    <ClInclude Include="..\Library\include\UnicodeIO\LocalizationIO.h">
      <Filter>Header Files\UnicodeIO</Filter>
    </ClInclude>
    <ClInclude Include="..\Library\include\UnicodeIO\LogIO.h">
      <Filter>Header Files\UnicodeIO</Filter>
    </ClInclude>
    <ClInclude Include="..\Library\include\UnicodeIO\StringIO.h">
      <Filter>Header Files\UnicodeIO</Filter>
    </ClInclude>
    <ClInclude Include="..\Library\include\UnicodeIO\FormatIO.h">
      <Filter>Header Files\UnicodeIO</Filter>
    </ClInclude>
    <ClInclude Include="..\Library\include\Private\UnicodeTables.h">
      <Filter>Header Files\Private</Filter>
    </ClInclude>
    <ClInclude Include="..\Library\include\Private\NumberTables.h">
        <Filter>Header Files\Private</Filter>
    </ClInclude>
  </ItemGroup>
  <ItemGroup>
    <ClCompile Include="..\Library\src\BitIO.c">
      <Filter>Source Files</Filter>
    </ClCompile>
    <ClCompile Include="..\Library\src\ContainerIO.c">
      <Filter>Source Files</Filter>
    </ClCompile>
    <ClCompile Include="..\Library\src\CryptographyIO.c">
      <Filter>Source Files</Filter>
    </ClCompile>
    <ClCompile Include="..\Library\src\Macros.c">
      <Filter>Source Files</Filter>
    </ClCompile>
    <ClCompile Include="..\Library\src\Math.c">
      <Filter>Source Files</Filter>
    </ClCompile>
    <ClCompile Include="..\Library\src\TestIO.c">
      <Filter>Source Files</Filter>
    </ClCompile>
    <ClCompile Include="..\Library\src\UnicodeIO\CommandLineIO.c">
      <Filter>Source Files\UnicodeIO</Filter>
    </ClCompile>
    <ClCompile Include="..\Library\src\UnicodeIO\LocalizationIO.c">
      <Filter>Source Files</Filter>
    </ClCompile>
    <ClCompile Include="..\Library\src\UnicodeIO\LogIO.c">
      <Filter>Source Files\UnicodeIO</Filter>
    </ClCompile>
    <ClCompile Include="..\Library\src\UnicodeIO\StringIO.c">
      <Filter>Source Files\UnicodeIO</Filter>
    </ClCompile>
    <ClCompile Include="..\Library\src\UnicodeIO\FormatIO.c">
      <Filter>Source Files\UnicodeIO</Filter>
    </ClCompile>
  </ItemGroup>
</Project>
