
Microsoft Visual Studio Solution File, Format Version 12.00
# Visual Studio Version 17
VisualStudioVersion = 17.5.33424.131
MinimumVisualStudioVersion = 10.0.40219.1
Project("{8BC9CEB8-8B4A-11D0-8D11-00A0C91BC942}") = "FoundationIO", "FoundationIO.vcxproj", "{4595E7FD-A17A-47DC-B7C3-E67884442EA7}"
EndProject
Global
	GlobalSection(SolutionConfigurationPlatforms) = preSolution
		Debug|ARM64 = Debug|ARM64
		Debug|x64 = Debug|x64
		Release|ARM64 = Release|ARM64
		Release|x64 = Release|x64
	EndGlobalSection
	GlobalSection(ProjectConfigurationPlatforms) = postSolution
		{4595E7FD-A17A-47DC-B7C3-E67884442EA7}.Debug|ARM64.ActiveCfg = Debug|ARM64
		{4595E7FD-A17A-47DC-B7C3-E67884442EA7}.Debug|ARM64.Build.0 = Debug|ARM64
		{4595E7FD-A17A-47DC-B7C3-E67884442EA7}.Debug|x64.ActiveCfg = Debug|x64
		{4595E7FD-A17A-47DC-B7C3-E67884442EA7}.Debug|x64.Build.0 = Debug|x64
		{4595E7FD-A17A-47DC-B7C3-E67884442EA7}.Release|ARM64.ActiveCfg = Release|ARM64
		{4595E7FD-A17A-47DC-B7C3-E67884442EA7}.Release|ARM64.Build.0 = Release|ARM64
		{4595E7FD-A17A-47DC-B7C3-E67884442EA7}.Release|x64.ActiveCfg = Release|x64
		{4595E7FD-A17A-47DC-B7C3-E67884442EA7}.Release|x64.Build.0 = Release|x64
	EndGlobalSection
	GlobalSection(SolutionProperties) = preSolution
		HideSolutionNode = FALSE
	EndGlobalSection
	GlobalSection(ExtensibilityGlobals) = postSolution
		SolutionGuid = {3F1E513F-8B08-41BC-80EB-C280AFA2408F}
	EndGlobalSection
EndGlobal
