// !$*UTF8*$!
{
	archiveVersion = 1;
	classes = {
	};
	objectVersion = 48;
	objects = {

/* Begin PBXBuildFile section */
		2C7C58DB20C42ADB0070B890 /* StringIOTables.h in Headers */ = {isa = PBXBuildFile; fileRef = 2C7C58D320C42ADB0070B890 /* StringIOTables.h */; };
		2C7C58E320C42B5C0070B890 /* BitIO.c in Sources */ = {isa = PBXBuildFile; fileRef = 2C7C58C920C42AB30070B890 /* BitIO.c */; };
		2C7C58E420C42B5C0070B890 /* CommandLineIO.c in Sources */ = {isa = PBXBuildFile; fileRef = 2C7C58CB20C42AB30070B890 /* CommandLineIO.c */; };
		2C7C58E520C42B5C0070B890 /* ContainerIO.c in Sources */ = {isa = PBXBuildFile; fileRef = 2C7C58C720C42AB30070B890 /* ContainerIO.c */; };
		2C7C58E620C42B5C0070B890 /* Log.c in Sources */ = {isa = PBXBuildFile; fileRef = 2C7C58C820C42AB30070B890 /* Log.c */; };
		2C7C58E820C42B5C0070B890 /* Math.c in Sources */ = {isa = PBXBuildFile; fileRef = 2C7C58C520C42AB30070B890 /* Math.c */; };
		2C7C58E920C42B5C0070B890 /* StringIO.c in Sources */ = {isa = PBXBuildFile; fileRef = 2C7C58C620C42AB30070B890 /* StringIO.c */; };
		2C7C58EA20C42B8C0070B890 /* BitIO.h in Headers */ = {isa = PBXBuildFile; fileRef = 2C7C58D720C42ADB0070B890 /* BitIO.h */; settings = {ATTRIBUTES = (Public, ); }; };
		2C7C58EB20C42B8C0070B890 /* CommandLineIO.h in Headers */ = {isa = PBXBuildFile; fileRef = 2C7C58DA20C42ADB0070B890 /* CommandLineIO.h */; settings = {ATTRIBUTES = (Public, ); }; };
		2C7C58EC20C42B8C0070B890 /* ContainerIO.h in Headers */ = {isa = PBXBuildFile; fileRef = 2C7C58D620C42ADB0070B890 /* ContainerIO.h */; settings = {ATTRIBUTES = (Public, ); }; };
		2C7C58ED20C42B8C0070B890 /* Log.h in Headers */ = {isa = PBXBuildFile; fileRef = 2C7C58D520C42ADB0070B890 /* Log.h */; settings = {ATTRIBUTES = (Public, ); }; };
		2C7C58EE20C42B8C0070B890 /* Macros.h in Headers */ = {isa = PBXBuildFile; fileRef = 2C7C58D820C42ADB0070B890 /* Macros.h */; };
		2C7C58EF20C42B8C0070B890 /* Math.h in Headers */ = {isa = PBXBuildFile; fileRef = 2C7C58D420C42ADB0070B890 /* Math.h */; settings = {ATTRIBUTES = (Public, ); }; };
		2C7C58F020C42B8C0070B890 /* StringIO.h in Headers */ = {isa = PBXBuildFile; fileRef = 2C7C58D920C42ADB0070B890 /* StringIO.h */; settings = {ATTRIBUTES = (Public, ); }; };
/* End PBXBuildFile section */

/* Begin PBXFileReference section */
		2C7C58C520C42AB30070B890 /* Math.c */ = {isa = PBXFileReference; fileEncoding = 4; lastKnownFileType = sourcecode.c.c; lineEnding = 0; name = Math.c; path = ../libFoundationIO/src/Math.c; sourceTree = "<group>"; };
		2C7C58C620C42AB30070B890 /* StringIO.c */ = {isa = PBXFileReference; fileEncoding = 4; lastKnownFileType = sourcecode.c.c; lineEnding = 0; name = StringIO.c; path = ../libFoundationIO/src/StringIO.c; sourceTree = "<group>"; };
		2C7C58C720C42AB30070B890 /* ContainerIO.c */ = {isa = PBXFileReference; fileEncoding = 4; lastKnownFileType = sourcecode.c.c; lineEnding = 0; name = ContainerIO.c; path = ../libFoundationIO/src/ContainerIO.c; sourceTree = "<group>"; };
		2C7C58C820C42AB30070B890 /* Log.c */ = {isa = PBXFileReference; fileEncoding = 4; lastKnownFileType = sourcecode.c.c; lineEnding = 0; name = Log.c; path = ../libFoundationIO/src/Log.c; sourceTree = "<group>"; };
		2C7C58C920C42AB30070B890 /* BitIO.c */ = {isa = PBXFileReference; fileEncoding = 4; lastKnownFileType = sourcecode.c.c; lineEnding = 0; name = BitIO.c; path = ../libFoundationIO/src/BitIO.c; sourceTree = "<group>"; };
		2C7C58CB20C42AB30070B890 /* CommandLineIO.c */ = {isa = PBXFileReference; fileEncoding = 4; lastKnownFileType = sourcecode.c.c; lineEnding = 0; name = CommandLineIO.c; path = ../libFoundationIO/src/CommandLineIO.c; sourceTree = "<group>"; xcLanguageSpecificationIdentifier = xcode.lang.c; };
		2C7C58D320C42ADB0070B890 /* StringIOTables.h */ = {isa = PBXFileReference; fileEncoding = 4; lastKnownFileType = sourcecode.c.h; lineEnding = 0; name = StringIOTables.h; path = ../libFoundationIO/include/StringIOTables.h; sourceTree = "<group>"; };
		2C7C58D420C42ADB0070B890 /* Math.h */ = {isa = PBXFileReference; fileEncoding = 4; lastKnownFileType = sourcecode.c.h; lineEnding = 0; name = Math.h; path = ../libFoundationIO/include/Math.h; sourceTree = "<group>"; };
		2C7C58D520C42ADB0070B890 /* Log.h */ = {isa = PBXFileReference; fileEncoding = 4; lastKnownFileType = sourcecode.c.h; lineEnding = 0; name = Log.h; path = ../libFoundationIO/include/Log.h; sourceTree = "<group>"; };
		2C7C58D620C42ADB0070B890 /* ContainerIO.h */ = {isa = PBXFileReference; fileEncoding = 4; lastKnownFileType = sourcecode.c.h; lineEnding = 0; name = ContainerIO.h; path = ../libFoundationIO/include/ContainerIO.h; sourceTree = "<group>"; };
		2C7C58D720C42ADB0070B890 /* BitIO.h */ = {isa = PBXFileReference; fileEncoding = 4; lastKnownFileType = sourcecode.c.h; lineEnding = 0; name = BitIO.h; path = ../libFoundationIO/include/BitIO.h; sourceTree = "<group>"; };
		2C7C58D820C42ADB0070B890 /* Macros.h */ = {isa = PBXFileReference; fileEncoding = 4; lastKnownFileType = sourcecode.c.h; lineEnding = 0; name = Macros.h; path = ../libFoundationIO/include/Macros.h; sourceTree = "<group>"; };
		2C7C58D920C42ADB0070B890 /* StringIO.h */ = {isa = PBXFileReference; fileEncoding = 4; lastKnownFileType = sourcecode.c.h; lineEnding = 0; name = StringIO.h; path = ../libFoundationIO/include/StringIO.h; sourceTree = "<group>"; };
		2C7C58DA20C42ADB0070B890 /* CommandLineIO.h */ = {isa = PBXFileReference; fileEncoding = 4; lastKnownFileType = sourcecode.c.h; lineEnding = 0; name = CommandLineIO.h; path = ../libFoundationIO/include/CommandLineIO.h; sourceTree = "<group>"; };
		2CFC15C82091F1AE0070BCFC /* libFoundationIO.a */ = {isa = PBXFileReference; explicitFileType = archive.ar; includeInIndex = 0; path = libFoundationIO.a; sourceTree = BUILT_PRODUCTS_DIR; };
/* End PBXFileReference section */

/* Begin PBXFrameworksBuildPhase section */
		2CFC15C52091F1AE0070BCFC /* Frameworks */ = {
			isa = PBXFrameworksBuildPhase;
			buildActionMask = 2147483647;
			files = (
			);
			runOnlyForDeploymentPostprocessing = 0;
		};
/* End PBXFrameworksBuildPhase section */

/* Begin PBXGroup section */
		2CFC15BF2091F1AE0070BCFC = {
			isa = PBXGroup;
			children = (
				2CFC15CF2091F1DC0070BCFC /* FoundationIO */,
				2CFC15C92091F1AE0070BCFC /* Products */,
			);
			sourceTree = "<group>";
		};
		2CFC15C92091F1AE0070BCFC /* Products */ = {
			isa = PBXGroup;
			children = (
				2CFC15C82091F1AE0070BCFC /* libFoundationIO.a */,
			);
			name = Products;
			sourceTree = "<group>";
		};
		2CFC15CF2091F1DC0070BCFC /* FoundationIO */ = {
			isa = PBXGroup;
			children = (
				2CFC15D12091F1EA0070BCFC /* Headers */,
				2CFC15D02091F1E30070BCFC /* Source */,
			);
			name = FoundationIO;
			sourceTree = "<group>";
		};
		2CFC15D02091F1E30070BCFC /* Source */ = {
			isa = PBXGroup;
			children = (
				2C7C58C920C42AB30070B890 /* BitIO.c */,
				2C7C58CB20C42AB30070B890 /* CommandLineIO.c */,
				2C7C58C720C42AB30070B890 /* ContainerIO.c */,
				2C7C58C820C42AB30070B890 /* Log.c */,
				2C7C58C520C42AB30070B890 /* Math.c */,
				2C7C58C620C42AB30070B890 /* StringIO.c */,
			);
			name = Source;
			sourceTree = "<group>";
		};
		2CFC15D12091F1EA0070BCFC /* Headers */ = {
			isa = PBXGroup;
			children = (
				2C7C58D820C42ADB0070B890 /* Macros.h */,
				2C7C58D720C42ADB0070B890 /* BitIO.h */,
				2C7C58DA20C42ADB0070B890 /* CommandLineIO.h */,
				2C7C58D620C42ADB0070B890 /* ContainerIO.h */,
				2C7C58D520C42ADB0070B890 /* Log.h */,
				2C7C58D420C42ADB0070B890 /* Math.h */,
				2C7C58D920C42ADB0070B890 /* StringIO.h */,
				2C7C58D320C42ADB0070B890 /* StringIOTables.h */,
			);
			name = Headers;
			sourceTree = "<group>";
		};
/* End PBXGroup section */

/* Begin PBXHeadersBuildPhase section */
		2CFC15C62091F1AE0070BCFC /* Headers */ = {
			isa = PBXHeadersBuildPhase;
			buildActionMask = 2147483647;
			files = (
				2C7C58EA20C42B8C0070B890 /* BitIO.h in Headers */,
				2C7C58EB20C42B8C0070B890 /* CommandLineIO.h in Headers */,
				2C7C58EC20C42B8C0070B890 /* ContainerIO.h in Headers */,
				2C7C58ED20C42B8C0070B890 /* Log.h in Headers */,
				2C7C58EF20C42B8C0070B890 /* Math.h in Headers */,
				2C7C58F020C42B8C0070B890 /* StringIO.h in Headers */,
				2C7C58EE20C42B8C0070B890 /* Macros.h in Headers */,
				2C7C58DB20C42ADB0070B890 /* StringIOTables.h in Headers */,
			);
			runOnlyForDeploymentPostprocessing = 0;
		};
/* End PBXHeadersBuildPhase section */

/* Begin PBXNativeTarget section */
		2CFC15C72091F1AE0070BCFC /* FoundationIO */ = {
			isa = PBXNativeTarget;
			buildConfigurationList = 2CFC15CC2091F1AE0070BCFC /* Build configuration list for PBXNativeTarget "FoundationIO" */;
			buildPhases = (
				2CFC15C42091F1AE0070BCFC /* Sources */,
				2CFC15C52091F1AE0070BCFC /* Frameworks */,
				2CFC15C62091F1AE0070BCFC /* Headers */,
			);
			buildRules = (
			);
			dependencies = (
			);
			name = FoundationIO;
			productName = FoundationIO;
			productReference = 2CFC15C82091F1AE0070BCFC /* libFoundationIO.a */;
			productType = "com.apple.product-type.library.static";
		};
/* End PBXNativeTarget section */

/* Begin PBXProject section */
		2CFC15C02091F1AE0070BCFC /* Project object */ = {
			isa = PBXProject;
			attributes = {
				LastUpgradeCheck = 1000;
				ORGANIZATIONNAME = "Marcus Johnson";
				TargetAttributes = {
					2CFC15C72091F1AE0070BCFC = {
						CreatedOnToolsVersion = 9.2;
						ProvisioningStyle = Automatic;
					};
				};
			};
			buildConfigurationList = 2CFC15C32091F1AE0070BCFC /* Build configuration list for PBXProject "FoundationIO" */;
			compatibilityVersion = "Xcode 8.0";
			developmentRegion = en;
			hasScannedForEncodings = 0;
			knownRegions = (
				en,
			);
			mainGroup = 2CFC15BF2091F1AE0070BCFC;
			productRefGroup = 2CFC15C92091F1AE0070BCFC /* Products */;
			projectDirPath = "";
			projectRoot = "";
			targets = (
				2CFC15C72091F1AE0070BCFC /* FoundationIO */,
			);
		};
/* End PBXProject section */

/* Begin PBXSourcesBuildPhase section */
		2CFC15C42091F1AE0070BCFC /* Sources */ = {
			isa = PBXSourcesBuildPhase;
			buildActionMask = 2147483647;
			files = (
				2C7C58E320C42B5C0070B890 /* BitIO.c in Sources */,
				2C7C58E420C42B5C0070B890 /* CommandLineIO.c in Sources */,
				2C7C58E520C42B5C0070B890 /* ContainerIO.c in Sources */,
				2C7C58E620C42B5C0070B890 /* Log.c in Sources */,
				2C7C58E820C42B5C0070B890 /* Math.c in Sources */,
				2C7C58E920C42B5C0070B890 /* StringIO.c in Sources */,
			);
			runOnlyForDeploymentPostprocessing = 0;
		};
/* End PBXSourcesBuildPhase section */

/* Begin XCBuildConfiguration section */
		2CFC15CA2091F1AE0070BCFC /* Debug */ = {
			isa = XCBuildConfiguration;
			buildSettings = {
				ALWAYS_SEARCH_USER_PATHS = NO;
				CLANG_ANALYZER_NONNULL = YES;
				CLANG_ANALYZER_NUMBER_OBJECT_CONVERSION = YES_AGGRESSIVE;
				CLANG_ANALYZER_SECURITY_FLOATLOOPCOUNTER = YES;
				CLANG_CXX_LANGUAGE_STANDARD = "c++17";
				CLANG_CXX_LIBRARY = "libc++";
				CLANG_ENABLE_CODE_COVERAGE = NO;
				CLANG_ENABLE_MODULES = YES;
				CLANG_ENABLE_OBJC_ARC = YES;
				CLANG_UNDEFINED_BEHAVIOR_SANITIZER_INTEGER = YES;
				CLANG_WARN_BLOCK_CAPTURE_AUTORELEASING = YES;
				CLANG_WARN_BOOL_CONVERSION = YES;
				CLANG_WARN_COMMA = YES;
				CLANG_WARN_CONSTANT_CONVERSION = NO;
				CLANG_WARN_DEPRECATED_OBJC_IMPLEMENTATIONS = YES;
				CLANG_WARN_DIRECT_OBJC_ISA_USAGE = YES_ERROR;
				CLANG_WARN_DOCUMENTATION_COMMENTS = YES;
				CLANG_WARN_EMPTY_BODY = YES;
				CLANG_WARN_ENUM_CONVERSION = YES;
				CLANG_WARN_INFINITE_RECURSION = YES;
				CLANG_WARN_INT_CONVERSION = YES;
				CLANG_WARN_NON_LITERAL_NULL_CONVERSION = YES;
				CLANG_WARN_OBJC_IMPLICIT_RETAIN_SELF = YES;
				CLANG_WARN_OBJC_LITERAL_CONVERSION = YES;
				CLANG_WARN_OBJC_ROOT_CLASS = YES_ERROR;
				CLANG_WARN_RANGE_LOOP_ANALYSIS = YES;
				CLANG_WARN_STRICT_PROTOTYPES = YES;
				CLANG_WARN_SUSPICIOUS_MOVE = YES;
				CLANG_WARN_UNGUARDED_AVAILABILITY = YES_AGGRESSIVE;
				CLANG_WARN_UNREACHABLE_CODE = YES;
				CLANG_WARN__DUPLICATE_METHOD_MATCH = YES;
				CODE_SIGN_IDENTITY = "Mac Developer";
				COPY_PHASE_STRIP = NO;
				DEAD_CODE_STRIPPING = YES;
				DEBUG_INFORMATION_FORMAT = dwarf;
				DEFINES_MODULE = NO;
				DEVELOPMENT_TEAM = 628J9L7WK5;
				ENABLE_STRICT_OBJC_MSGSEND = YES;
				ENABLE_TESTABILITY = NO;
				GCC_CHAR_IS_UNSIGNED_CHAR = YES;
				GCC_C_LANGUAGE_STANDARD = c11;
				GCC_DYNAMIC_NO_PIC = NO;
				GCC_INSTRUMENT_PROGRAM_FLOW_ARCS = NO;
				GCC_NO_COMMON_BLOCKS = YES;
				GCC_OPTIMIZATION_LEVEL = 1;
				GCC_PREPROCESSOR_DEFINITIONS = (
					"DEBUG=1",
					"$(inherited)",
				);
				GCC_UNROLL_LOOPS = YES;
				GCC_WARN_64_TO_32_BIT_CONVERSION = YES;
				GCC_WARN_ABOUT_RETURN_TYPE = YES_ERROR;
				GCC_WARN_UNDECLARED_SELECTOR = YES;
				GCC_WARN_UNINITIALIZED_AUTOS = YES_AGGRESSIVE;
				GCC_WARN_UNUSED_FUNCTION = YES;
				GCC_WARN_UNUSED_VARIABLE = YES;
				INFOPLIST_OUTPUT_FORMAT = binary;
				LLVM_LTO = YES;
				MACOSX_DEPLOYMENT_TARGET = 10.10;
				MODULEMAP_FILE = ../libFoundationIO/FoundationIO.modulemap;
				MODULE_NAME = FoundationIO;
				MTL_ENABLE_DEBUG_INFO = YES;
				ONLY_ACTIVE_ARCH = YES;
				OTHER_CFLAGS = "";
				PLIST_FILE_OUTPUT_FORMAT = binary;
				SDKROOT = macosx;
				STRINGS_FILE_OUTPUT_ENCODING = "UTF-8";
				STRIP_INSTALLED_PRODUCT = NO;
				STRIP_SWIFT_SYMBOLS = NO;
			};
			name = Debug;
		};
		2CFC15CB2091F1AE0070BCFC /* Release */ = {
			isa = XCBuildConfiguration;
			buildSettings = {
				ALWAYS_SEARCH_USER_PATHS = NO;
				CLANG_ANALYZER_NONNULL = YES;
				CLANG_ANALYZER_NUMBER_OBJECT_CONVERSION = YES_AGGRESSIVE;
				CLANG_ANALYZER_SECURITY_FLOATLOOPCOUNTER = YES;
				CLANG_CXX_LANGUAGE_STANDARD = "c++17";
				CLANG_CXX_LIBRARY = "libc++";
				CLANG_ENABLE_CODE_COVERAGE = NO;
				CLANG_ENABLE_MODULES = YES;
				CLANG_ENABLE_OBJC_ARC = YES;
				CLANG_UNDEFINED_BEHAVIOR_SANITIZER_INTEGER = YES;
				CLANG_WARN_BLOCK_CAPTURE_AUTORELEASING = YES;
				CLANG_WARN_BOOL_CONVERSION = YES;
				CLANG_WARN_COMMA = YES;
				CLANG_WARN_CONSTANT_CONVERSION = NO;
				CLANG_WARN_DEPRECATED_OBJC_IMPLEMENTATIONS = YES;
				CLANG_WARN_DIRECT_OBJC_ISA_USAGE = YES_ERROR;
				CLANG_WARN_DOCUMENTATION_COMMENTS = YES;
				CLANG_WARN_EMPTY_BODY = YES;
				CLANG_WARN_ENUM_CONVERSION = YES;
				CLANG_WARN_INFINITE_RECURSION = YES;
				CLANG_WARN_INT_CONVERSION = YES;
				CLANG_WARN_NON_LITERAL_NULL_CONVERSION = YES;
				CLANG_WARN_OBJC_IMPLICIT_RETAIN_SELF = YES;
				CLANG_WARN_OBJC_LITERAL_CONVERSION = YES;
				CLANG_WARN_OBJC_ROOT_CLASS = YES_ERROR;
				CLANG_WARN_RANGE_LOOP_ANALYSIS = YES;
				CLANG_WARN_STRICT_PROTOTYPES = YES;
				CLANG_WARN_SUSPICIOUS_MOVE = YES;
				CLANG_WARN_UNGUARDED_AVAILABILITY = YES_AGGRESSIVE;
				CLANG_WARN_UNREACHABLE_CODE = YES;
				CLANG_WARN__DUPLICATE_METHOD_MATCH = YES;
				CODE_SIGN_IDENTITY = "Mac Developer";
				COPY_PHASE_STRIP = YES;
				DEAD_CODE_STRIPPING = YES;
				DEBUG_INFORMATION_FORMAT = dwarf;
				DEFINES_MODULE = NO;
				DEPLOYMENT_POSTPROCESSING = YES;
				DEVELOPMENT_TEAM = 628J9L7WK5;
				ENABLE_NS_ASSERTIONS = NO;
				ENABLE_STRICT_OBJC_MSGSEND = YES;
				ENABLE_TESTABILITY = NO;
				GCC_CHAR_IS_UNSIGNED_CHAR = YES;
				GCC_C_LANGUAGE_STANDARD = c11;
				GCC_GENERATE_DEBUGGING_SYMBOLS = NO;
				GCC_INSTRUMENT_PROGRAM_FLOW_ARCS = NO;
				GCC_NO_COMMON_BLOCKS = YES;
				GCC_OPTIMIZATION_LEVEL = fast;
				GCC_UNROLL_LOOPS = YES;
				GCC_WARN_64_TO_32_BIT_CONVERSION = YES;
				GCC_WARN_ABOUT_RETURN_TYPE = YES_ERROR;
				GCC_WARN_UNDECLARED_SELECTOR = YES;
				GCC_WARN_UNINITIALIZED_AUTOS = YES_AGGRESSIVE;
				GCC_WARN_UNUSED_FUNCTION = YES;
				GCC_WARN_UNUSED_VARIABLE = YES;
				INFOPLIST_OUTPUT_FORMAT = binary;
				LLVM_LTO = YES;
				MACOSX_DEPLOYMENT_TARGET = 10.10;
				MODULEMAP_FILE = ../libFoundationIO/FoundationIO.modulemap;
				MODULE_NAME = FoundationIO;
				MTL_ENABLE_DEBUG_INFO = NO;
				OTHER_CFLAGS = "";
				PLIST_FILE_OUTPUT_FORMAT = binary;
				SDKROOT = macosx;
				STRINGS_FILE_OUTPUT_ENCODING = "UTF-8";
			};
			name = Release;
		};
		2CFC15CD2091F1AE0070BCFC /* Debug */ = {
			isa = XCBuildConfiguration;
			buildSettings = {
				ALWAYS_SEARCH_USER_PATHS = NO;
				APPLY_RULES_IN_COPY_FILES = YES;
				CLANG_CXX_LANGUAGE_STANDARD = "c++17";
				CLANG_ENABLE_MODULES = NO;
				CLANG_ENABLE_MODULE_DEBUGGING = NO;
				CLANG_ENABLE_OBJC_ARC = NO;
				CLANG_ENABLE_OBJC_WEAK = YES;
				CLANG_LINK_OBJC_RUNTIME = NO;
				CLANG_STATIC_ANALYZER_MODE = deep;
				CLANG_STATIC_ANALYZER_MODE_ON_ANALYZE_ACTION = deep;
				CLANG_UNDEFINED_BEHAVIOR_SANITIZER_INTEGER = YES;
				CLANG_WARN_ASSIGN_ENUM = YES;
				CLANG_WARN_CXX0X_EXTENSIONS = NO;
				CLANG_WARN_FLOAT_CONVERSION = YES;
				CLANG_WARN_INT_CONVERSION = NO;
				CLANG_WARN_NON_LITERAL_NULL_CONVERSION = YES_ERROR;
				CODE_SIGN_STYLE = Automatic;
				COMPILER_INDEX_STORE_ENABLE = YES;
				DEVELOPMENT_TEAM = 628J9L7WK5;
				EXECUTABLE_PREFIX = lib;
				GCC_CHAR_IS_UNSIGNED_CHAR = YES;
				GCC_CW_ASM_SYNTAX = NO;
				GCC_C_LANGUAGE_STANDARD = c11;
				GCC_ENABLE_OBJC_EXCEPTIONS = NO;
				GCC_SHORT_ENUMS = YES;
				GCC_TREAT_IMPLICIT_FUNCTION_DECLARATIONS_AS_ERRORS = YES;
				GCC_UNROLL_LOOPS = YES;
				GCC_WARN_64_TO_32_BIT_CONVERSION = NO;
				GCC_WARN_ABOUT_MISSING_FIELD_INITIALIZERS = YES;
				GCC_WARN_ABOUT_MISSING_NEWLINE = YES;
				GCC_WARN_ABOUT_MISSING_PROTOTYPES = YES;
				GCC_WARN_ABOUT_POINTER_SIGNEDNESS = NO;
				GCC_WARN_INITIALIZER_NOT_FULLY_BRACKETED = YES;
				GCC_WARN_PEDANTIC = YES;
				GCC_WARN_UNUSED_LABEL = YES;
				GCC_WARN_UNUSED_PARAMETER = YES;
				GENERATE_PROFILING_CODE = YES;
				INFOPLIST_OUTPUT_FORMAT = binary;
				INSTALL_PATH = /usr/local/lib/FoundationIO;
				IPHONEOS_DEPLOYMENT_TARGET = 10.0;
				LINKER_DISPLAYS_MANGLED_NAMES = YES;
				LLVM_LTO = YES;
				MACOSX_DEPLOYMENT_TARGET = 10.10;
				OTHER_CFLAGS = (
					"-Wpadded",
					"-ffunction-sections",
					"-fdata-sections",
				);
				PLIST_FILE_OUTPUT_FORMAT = binary;
				PRESERVE_DEAD_CODE_INITS_AND_TERMS = NO;
				PRIVATE_HEADERS_FOLDER_PATH = /usr/local/include/FoundationIO/Private;
				PRODUCT_NAME = "$(TARGET_NAME)";
				PUBLIC_HEADERS_FOLDER_PATH = /usr/local/include/FoundationIO;
				RUN_CLANG_STATIC_ANALYZER = YES;
				SCAN_ALL_SOURCE_FILES_FOR_INCLUDES = YES;
				SDKROOT = macosx;
				STRINGS_FILE_OUTPUT_ENCODING = "UTF-8";
				STRIP_INSTALLED_PRODUCT = NO;
				STRIP_STYLE = all;
				STRIP_SWIFT_SYMBOLS = YES;
				SUPPORTED_PLATFORMS = "macosx iphoneos";
				USE_HEADERMAP = NO;
				VALIDATE_PRODUCT = YES;
				VALID_ARCHS = "arm64 x86_64";
				WARNING_CFLAGS = (
					"-ferror-limit=1024",
					"-Weverything",
					"-Wno-c99-compat",
					"-Wno-conversion",
					"-Wno-reserved-id-macro",
				);
			};
			name = Debug;
		};
		2CFC15CE2091F1AE0070BCFC /* Release */ = {
			isa = XCBuildConfiguration;
			buildSettings = {
				ALWAYS_SEARCH_USER_PATHS = NO;
				APPLY_RULES_IN_COPY_FILES = YES;
				CLANG_CXX_LANGUAGE_STANDARD = "c++17";
				CLANG_ENABLE_MODULES = NO;
				CLANG_ENABLE_MODULE_DEBUGGING = NO;
				CLANG_ENABLE_OBJC_ARC = NO;
				CLANG_ENABLE_OBJC_WEAK = YES;
				CLANG_LINK_OBJC_RUNTIME = NO;
				CLANG_STATIC_ANALYZER_MODE_ON_ANALYZE_ACTION = deep;
				CLANG_WARN_ASSIGN_ENUM = YES;
				CLANG_WARN_CXX0X_EXTENSIONS = NO;
				CLANG_WARN_FLOAT_CONVERSION = YES;
				CLANG_WARN_INT_CONVERSION = NO;
				CLANG_WARN_NON_LITERAL_NULL_CONVERSION = YES_ERROR;
				CODE_SIGN_STYLE = Automatic;
				COMPILER_INDEX_STORE_ENABLE = YES;
				COPY_PHASE_STRIP = YES;
				DEAD_CODE_STRIPPING = YES;
				DEVELOPMENT_TEAM = 628J9L7WK5;
				EXECUTABLE_PREFIX = lib;
				GCC_CHAR_IS_UNSIGNED_CHAR = YES;
				GCC_CW_ASM_SYNTAX = NO;
				GCC_C_LANGUAGE_STANDARD = c11;
				GCC_ENABLE_OBJC_EXCEPTIONS = NO;
				GCC_GENERATE_DEBUGGING_SYMBOLS = NO;
				GCC_OPTIMIZATION_LEVEL = s;
				GCC_SHORT_ENUMS = YES;
				GCC_SYMBOLS_PRIVATE_EXTERN = YES;
				GCC_TREAT_IMPLICIT_FUNCTION_DECLARATIONS_AS_ERRORS = YES;
				GCC_UNROLL_LOOPS = YES;
				GCC_WARN_64_TO_32_BIT_CONVERSION = NO;
				GCC_WARN_ABOUT_MISSING_FIELD_INITIALIZERS = YES;
				GCC_WARN_ABOUT_MISSING_NEWLINE = YES;
				GCC_WARN_ABOUT_MISSING_PROTOTYPES = YES;
				GCC_WARN_ABOUT_POINTER_SIGNEDNESS = NO;
				GCC_WARN_INITIALIZER_NOT_FULLY_BRACKETED = YES;
				GCC_WARN_UNUSED_LABEL = YES;
				GCC_WARN_UNUSED_PARAMETER = YES;
				INFOPLIST_OUTPUT_FORMAT = binary;
				INSTALL_PATH = /usr/local/lib/FoundationIO;
				IPHONEOS_DEPLOYMENT_TARGET = 10.0;
				LINKER_DISPLAYS_MANGLED_NAMES = YES;
				LLVM_LTO = YES;
				MACOSX_DEPLOYMENT_TARGET = 10.10;
				OTHER_CFLAGS = (
					"-Wpadded",
					"-ffunction-sections",
					"-fdata-sections",
				);
				PLIST_FILE_OUTPUT_FORMAT = binary;
				PRESERVE_DEAD_CODE_INITS_AND_TERMS = NO;
				PRIVATE_HEADERS_FOLDER_PATH = /usr/local/include/FoundationIO/Private;
				PRODUCT_NAME = "$(TARGET_NAME)";
				PUBLIC_HEADERS_FOLDER_PATH = /usr/local/include/FoundationIO;
				SCAN_ALL_SOURCE_FILES_FOR_INCLUDES = YES;
				SDKROOT = macosx;
				STRINGS_FILE_OUTPUT_ENCODING = "UTF-8";
				STRIP_STYLE = all;
				STRIP_SWIFT_SYMBOLS = YES;
				SUPPORTED_PLATFORMS = "macosx iphoneos";
				USE_HEADERMAP = NO;
				VALIDATE_PRODUCT = YES;
				VALID_ARCHS = "arm64 x86_64";
				WARNING_CFLAGS = (
					"-ferror-limit=1024",
					"-Weverything",
					"-Wno-c99-compat",
					"-Wno-conversion",
					"-Wno-reserved-id-macro",
				);
			};
			name = Release;
		};
/* End XCBuildConfiguration section */

/* Begin XCConfigurationList section */
		2CFC15C32091F1AE0070BCFC /* Build configuration list for PBXProject "FoundationIO" */ = {
			isa = XCConfigurationList;
			buildConfigurations = (
				2CFC15CA2091F1AE0070BCFC /* Debug */,
				2CFC15CB2091F1AE0070BCFC /* Release */,
			);
			defaultConfigurationIsVisible = 0;
			defaultConfigurationName = Release;
		};
		2CFC15CC2091F1AE0070BCFC /* Build configuration list for PBXNativeTarget "FoundationIO" */ = {
			isa = XCConfigurationList;
			buildConfigurations = (
				2CFC15CD2091F1AE0070BCFC /* Debug */,
				2CFC15CE2091F1AE0070BCFC /* Release */,
			);
			defaultConfigurationIsVisible = 0;
			defaultConfigurationName = Release;
		};
/* End XCConfigurationList section */
	};
	rootObject = 2CFC15C02091F1AE0070BCFC /* Project object */;
}
