// !$*UTF8*$!
{
	archiveVersion = 1;
	classes = {
	};
	objectVersion = 55;
	objects = {

/* Begin PBXBuildFile section */
		2C0FD0DF281E1B0300B8E570 /* Test_StringSetIO.c in Sources */ = {isa = PBXBuildFile; fileRef = 2C9ADA1E281E08FB00C49EA8 /* Test_StringSetIO.c */; };
		2C41D422281E76EA00AD89B1 /* FoundationIO.h in Headers */ = {isa = PBXBuildFile; fileRef = 2C41D421281E76EA00AD89B1 /* FoundationIO.h */; settings = {ATTRIBUTES = (Public, ); }; };
		2C7D9A84286462790090D972 /* CollectionIO.h in Headers */ = {isa = PBXBuildFile; fileRef = 2C7D9A83286462790090D972 /* CollectionIO.h */; settings = {ATTRIBUTES = (Public, ); }; };
		2C7D9A8A286471AF0090D972 /* SortIO.h in Headers */ = {isa = PBXBuildFile; fileRef = 2C7D9A89286471AF0090D972 /* SortIO.h */; settings = {ATTRIBUTES = (Public, ); }; };
		2C9AD9EB281E083900C49EA8 /* AsynchronousIO.c in Sources */ = {isa = PBXBuildFile; fileRef = 2C9AD9E1281E083900C49EA8 /* AsynchronousIO.c */; };
		2C9AD9ED281E083900C49EA8 /* AssertIO.c in Sources */ = {isa = PBXBuildFile; fileRef = 2C9AD9E3281E083900C49EA8 /* AssertIO.c */; };
		2C9AD9EE281E083900C49EA8 /* GUUID.c in Sources */ = {isa = PBXBuildFile; fileRef = 2C9AD9E4281E083900C49EA8 /* GUUID.c */; };
		2C9AD9EF281E083900C49EA8 /* NetworkIO.c in Sources */ = {isa = PBXBuildFile; fileRef = 2C9AD9E5281E083900C49EA8 /* NetworkIO.c */; };
		2C9AD9F0281E083900C49EA8 /* MathIO.c in Sources */ = {isa = PBXBuildFile; fileRef = 2C9AD9E6281E083900C49EA8 /* MathIO.c */; };
		2C9AD9F1281E083900C49EA8 /* BufferIO.c in Sources */ = {isa = PBXBuildFile; fileRef = 2C9AD9E7281E083900C49EA8 /* BufferIO.c */; };
		2C9AD9F2281E083900C49EA8 /* CryptographyIO.c in Sources */ = {isa = PBXBuildFile; fileRef = 2C9AD9E8281E083900C49EA8 /* CryptographyIO.c */; };
		2C9AD9F3281E083900C49EA8 /* FileIO.c in Sources */ = {isa = PBXBuildFile; fileRef = 2C9AD9E9281E083900C49EA8 /* FileIO.c */; };
		2C9AD9F4281E083900C49EA8 /* PlatformIO.c in Sources */ = {isa = PBXBuildFile; fileRef = 2C9AD9EA281E083900C49EA8 /* PlatformIO.c */; };
		2C9ADA0E281E08C700C49EA8 /* StringSetIO.c in Sources */ = {isa = PBXBuildFile; fileRef = 2C9ADA07281E08C700C49EA8 /* StringSetIO.c */; };
		2C9ADA0F281E08C700C49EA8 /* StringIO.c in Sources */ = {isa = PBXBuildFile; fileRef = 2C9ADA08281E08C700C49EA8 /* StringIO.c */; };
		2C9ADA10281E08C700C49EA8 /* FormatIO.c in Sources */ = {isa = PBXBuildFile; fileRef = 2C9ADA09281E08C700C49EA8 /* FormatIO.c */; };
		2C9ADA11281E08C700C49EA8 /* LocalizationIO.c in Sources */ = {isa = PBXBuildFile; fileRef = 2C9ADA0A281E08C700C49EA8 /* LocalizationIO.c */; };
		2C9ADA12281E08C700C49EA8 /* LogIO.c in Sources */ = {isa = PBXBuildFile; fileRef = 2C9ADA0B281E08C700C49EA8 /* LogIO.c */; };
		2C9ADA13281E08C700C49EA8 /* TextIOTypes.c in Sources */ = {isa = PBXBuildFile; fileRef = 2C9ADA0C281E08C700C49EA8 /* TextIOTypes.c */; };
		2C9ADA14281E08C700C49EA8 /* CommandLineIO.c in Sources */ = {isa = PBXBuildFile; fileRef = 2C9ADA0D281E08C700C49EA8 /* CommandLineIO.c */; };
		2C9ADA17281E08E100C49EA8 /* TextIOTables.c in Sources */ = {isa = PBXBuildFile; fileRef = 2C9ADA16281E08E100C49EA8 /* TextIOTables.c */; };
		2C9ADA2B281E092300C49EA8 /* AsynchronousIO.h in Headers */ = {isa = PBXBuildFile; fileRef = 2C9ADA20281E092300C49EA8 /* AsynchronousIO.h */; settings = {ATTRIBUTES = (Public, ); }; };
		2C9ADA2C281E092300C49EA8 /* GUUID.h in Headers */ = {isa = PBXBuildFile; fileRef = 2C9ADA21281E092300C49EA8 /* GUUID.h */; settings = {ATTRIBUTES = (Public, ); }; };
		2C9ADA2D281E092300C49EA8 /* AssertIO.h in Headers */ = {isa = PBXBuildFile; fileRef = 2C9ADA22281E092300C49EA8 /* AssertIO.h */; settings = {ATTRIBUTES = (Public, ); }; };
		2C9ADA2E281E092300C49EA8 /* FileIO.h in Headers */ = {isa = PBXBuildFile; fileRef = 2C9ADA23281E092300C49EA8 /* FileIO.h */; settings = {ATTRIBUTES = (Public, ); }; };
		2C9ADA2F281E092300C49EA8 /* PlatformIO.h in Headers */ = {isa = PBXBuildFile; fileRef = 2C9ADA24281E092300C49EA8 /* PlatformIO.h */; settings = {ATTRIBUTES = (Public, ); }; };
		2C9ADA30281E092300C49EA8 /* BufferIO.h in Headers */ = {isa = PBXBuildFile; fileRef = 2C9ADA25281E092300C49EA8 /* BufferIO.h */; settings = {ATTRIBUTES = (Public, ); }; };
		2C9ADA31281E092300C49EA8 /* NetworkIO.h in Headers */ = {isa = PBXBuildFile; fileRef = 2C9ADA26281E092300C49EA8 /* NetworkIO.h */; settings = {ATTRIBUTES = (Public, ); }; };
		2C9ADA32281E092300C49EA8 /* RegistrationIO.h in Headers */ = {isa = PBXBuildFile; fileRef = 2C9ADA27281E092300C49EA8 /* RegistrationIO.h */; settings = {ATTRIBUTES = (Public, ); }; };
		2C9ADA33281E092300C49EA8 /* CryptographyIO.h in Headers */ = {isa = PBXBuildFile; fileRef = 2C9ADA28281E092300C49EA8 /* CryptographyIO.h */; settings = {ATTRIBUTES = (Public, ); }; };
		2C9ADA34281E092300C49EA8 /* MathIO.h in Headers */ = {isa = PBXBuildFile; fileRef = 2C9ADA29281E092300C49EA8 /* MathIO.h */; settings = {ATTRIBUTES = (Public, ); }; };
		2C9ADA3D281E094400C49EA8 /* TextIOTypes.h in Headers */ = {isa = PBXBuildFile; fileRef = 2C9ADA36281E094400C49EA8 /* TextIOTypes.h */; };
		2C9ADA3E281E094400C49EA8 /* CommandLineIO.h in Headers */ = {isa = PBXBuildFile; fileRef = 2C9ADA37281E094400C49EA8 /* CommandLineIO.h */; };
		2C9ADA3F281E094400C49EA8 /* LocalizationIO.h in Headers */ = {isa = PBXBuildFile; fileRef = 2C9ADA38281E094400C49EA8 /* LocalizationIO.h */; };
		2C9ADA40281E094400C49EA8 /* StringIO.h in Headers */ = {isa = PBXBuildFile; fileRef = 2C9ADA39281E094400C49EA8 /* StringIO.h */; };
		2C9ADA41281E094400C49EA8 /* FormatIO.h in Headers */ = {isa = PBXBuildFile; fileRef = 2C9ADA3A281E094400C49EA8 /* FormatIO.h */; };
		2C9ADA42281E094400C49EA8 /* StringSetIO.h in Headers */ = {isa = PBXBuildFile; fileRef = 2C9ADA3B281E094400C49EA8 /* StringSetIO.h */; };
		2C9ADA43281E094400C49EA8 /* LogIO.h in Headers */ = {isa = PBXBuildFile; fileRef = 2C9ADA3C281E094400C49EA8 /* LogIO.h */; };
		2C9ADA46281E095C00C49EA8 /* TextIOTables.h in Headers */ = {isa = PBXBuildFile; fileRef = 2C9ADA45281E095C00C49EA8 /* TextIOTables.h */; };
		2C9ADA49281E0E1B00C49EA8 /* TextIOTypes.h in CopyFiles */ = {isa = PBXBuildFile; fileRef = 2C9ADA36281E094400C49EA8 /* TextIOTypes.h */; settings = {ATTRIBUTES = (CodeSignOnCopy, ); }; };
		2C9ADA4A281E0E1B00C49EA8 /* CommandLineIO.h in CopyFiles */ = {isa = PBXBuildFile; fileRef = 2C9ADA37281E094400C49EA8 /* CommandLineIO.h */; settings = {ATTRIBUTES = (CodeSignOnCopy, ); }; };
		2C9ADA4B281E0E1B00C49EA8 /* FormatIO.h in CopyFiles */ = {isa = PBXBuildFile; fileRef = 2C9ADA3A281E094400C49EA8 /* FormatIO.h */; settings = {ATTRIBUTES = (CodeSignOnCopy, ); }; };
		2C9ADA4C281E0E1B00C49EA8 /* LocalizationIO.h in CopyFiles */ = {isa = PBXBuildFile; fileRef = 2C9ADA38281E094400C49EA8 /* LocalizationIO.h */; settings = {ATTRIBUTES = (CodeSignOnCopy, ); }; };
		2C9ADA4D281E0E1B00C49EA8 /* LogIO.h in CopyFiles */ = {isa = PBXBuildFile; fileRef = 2C9ADA3C281E094400C49EA8 /* LogIO.h */; settings = {ATTRIBUTES = (CodeSignOnCopy, ); }; };
		2C9ADA4E281E0E1B00C49EA8 /* StringIO.h in CopyFiles */ = {isa = PBXBuildFile; fileRef = 2C9ADA39281E094400C49EA8 /* StringIO.h */; settings = {ATTRIBUTES = (CodeSignOnCopy, ); }; };
		2C9ADA4F281E0E1B00C49EA8 /* StringSetIO.h in CopyFiles */ = {isa = PBXBuildFile; fileRef = 2C9ADA3B281E094400C49EA8 /* StringSetIO.h */; settings = {ATTRIBUTES = (CodeSignOnCopy, ); }; };
		2C9ADAEA281E1AAA00C49EA8 /* Test_AsynchronousIO.c in Sources */ = {isa = PBXBuildFile; fileRef = 2C9AD9F9281E085700C49EA8 /* Test_AsynchronousIO.c */; };
		2C9ADAEB281E1AAD00C49EA8 /* Test_BufferIO.c in Sources */ = {isa = PBXBuildFile; fileRef = 2C9AD9F8281E085700C49EA8 /* Test_BufferIO.c */; };
		2C9ADAEC281E1AB000C49EA8 /* Test_CryptographyIO.c in Sources */ = {isa = PBXBuildFile; fileRef = 2C9AD9FB281E085700C49EA8 /* Test_CryptographyIO.c */; };
		2C9ADAED281E1AB500C49EA8 /* Test_FileIO.c in Sources */ = {isa = PBXBuildFile; fileRef = 2C9AD9FA281E085700C49EA8 /* Test_FileIO.c */; };
		2C9ADAEE281E1AB900C49EA8 /* Test_GUUID.c in Sources */ = {isa = PBXBuildFile; fileRef = 2C9AD9FC281E085700C49EA8 /* Test_GUUID.c */; };
		2C9ADAEF281E1ABC00C49EA8 /* Test_MathIO.c in Sources */ = {isa = PBXBuildFile; fileRef = 2C9AD9F7281E085700C49EA8 /* Test_MathIO.c */; };
		2C9ADAF0281E1ABF00C49EA8 /* Test_NetworkIO.c in Sources */ = {isa = PBXBuildFile; fileRef = 2C9AD9F6281E085700C49EA8 /* Test_NetworkIO.c */; };
		2C9ADAF1281E1AC200C49EA8 /* Test_PlatformIO.c in Sources */ = {isa = PBXBuildFile; fileRef = 2C9AD9FD281E085700C49EA8 /* Test_PlatformIO.c */; };
		2C9ADAF2281E1ACB00C49EA8 /* Test_CommandLineIO.c in Sources */ = {isa = PBXBuildFile; fileRef = 2C9ADA1A281E08FB00C49EA8 /* Test_CommandLineIO.c */; };
		2C9ADAF3281E1ACF00C49EA8 /* Test_FormatIO.c in Sources */ = {isa = PBXBuildFile; fileRef = 2C9ADA1D281E08FB00C49EA8 /* Test_FormatIO.c */; };
		2C9ADAF4281E1AD300C49EA8 /* Test_LocalizationIO.c in Sources */ = {isa = PBXBuildFile; fileRef = 2C9ADA19281E08FB00C49EA8 /* Test_LocalizationIO.c */; };
		2C9ADAF5281E1AD700C49EA8 /* Test_LogIO.c in Sources */ = {isa = PBXBuildFile; fileRef = 2C9ADA1B281E08FB00C49EA8 /* Test_LogIO.c */; };
		2C9ADAF6281E1ADA00C49EA8 /* Test_StringIO.c in Sources */ = {isa = PBXBuildFile; fileRef = 2C9ADA1C281E08FB00C49EA8 /* Test_StringIO.c */; };
		2CA90BD9286BCF1800A3E7F6 /* CollectionIO.c in Sources */ = {isa = PBXBuildFile; fileRef = 2C7D9A85286463320090D972 /* CollectionIO.c */; };
/* End PBXBuildFile section */

/* Begin PBXContainerItemProxy section */
		2C0FD0EF281E225F00B8E570 /* PBXContainerItemProxy */ = {
			isa = PBXContainerItemProxy;
			containerPortal = 2C9AD9CC281E078C00C49EA8 /* Project object */;
			proxyType = 1;
			remoteGlobalIDString = 2C9AD9D4281E078C00C49EA8;
			remoteInfo = FoundationIO;
		};
/* End PBXContainerItemProxy section */

/* Begin PBXCopyFilesBuildPhase section */
		2C9ADA48281E0DF100C49EA8 /* CopyFiles */ = {
			isa = PBXCopyFilesBuildPhase;
			buildActionMask = 2147483647;
			dstPath = $PUBLIC_HEADERS_FOLDER_PATH/TextIO;
			dstSubfolderSpec = 16;
			files = (
				2C9ADA49281E0E1B00C49EA8 /* TextIOTypes.h in CopyFiles */,
				2C9ADA4A281E0E1B00C49EA8 /* CommandLineIO.h in CopyFiles */,
				2C9ADA4B281E0E1B00C49EA8 /* FormatIO.h in CopyFiles */,
				2C9ADA4C281E0E1B00C49EA8 /* LocalizationIO.h in CopyFiles */,
				2C9ADA4D281E0E1B00C49EA8 /* LogIO.h in CopyFiles */,
				2C9ADA4E281E0E1B00C49EA8 /* StringIO.h in CopyFiles */,
				2C9ADA4F281E0E1B00C49EA8 /* StringSetIO.h in CopyFiles */,
			);
			runOnlyForDeploymentPostprocessing = 0;
		};
		2C9ADA52281E19D800C49EA8 /* CopyFiles */ = {
			isa = PBXCopyFilesBuildPhase;
			buildActionMask = 2147483647;
			dstPath = /usr/share/man/man1/;
			dstSubfolderSpec = 0;
			files = (
			);
			runOnlyForDeploymentPostprocessing = 1;
		};
/* End PBXCopyFilesBuildPhase section */

/* Begin PBXFileReference section */
		2C41D421281E76EA00AD89B1 /* FoundationIO.h */ = {isa = PBXFileReference; fileEncoding = 4; lastKnownFileType = sourcecode.c.h; lineEnding = 0; name = FoundationIO.h; path = ../Library/FoundationIO.h; sourceTree = "<group>"; };
		2C7D9A83286462790090D972 /* CollectionIO.h */ = {isa = PBXFileReference; fileEncoding = 4; lastKnownFileType = sourcecode.c.h; lineEnding = 0; name = CollectionIO.h; path = ../Library/include/CollectionIO.h; sourceTree = "<group>"; };
		2C7D9A85286463320090D972 /* CollectionIO.c */ = {isa = PBXFileReference; fileEncoding = 4; lastKnownFileType = sourcecode.c.c; lineEnding = 0; name = CollectionIO.c; path = ../Library/src/CollectionIO.c; sourceTree = "<group>"; };
		2C7D9A87286471830090D972 /* SortIO.c */ = {isa = PBXFileReference; fileEncoding = 4; lastKnownFileType = sourcecode.c.c; lineEnding = 0; name = SortIO.c; path = ../Library/src/SortIO.c; sourceTree = "<group>"; };
		2C7D9A89286471AF0090D972 /* SortIO.h */ = {isa = PBXFileReference; lastKnownFileType = sourcecode.c.h; name = SortIO.h; path = ../Library/include/SortIO.h; sourceTree = "<group>"; };
		2C7D9A8B286477D00090D972 /* Test_SortIO.c */ = {isa = PBXFileReference; lastKnownFileType = sourcecode.c.c; name = Test_SortIO.c; path = ../Library/src/Tests/Test_SortIO.c; sourceTree = "<group>"; };
		2C9AD9D5281E078C00C49EA8 /* FoundationIO.framework */ = {isa = PBXFileReference; explicitFileType = wrapper.framework; includeInIndex = 0; path = FoundationIO.framework; sourceTree = BUILT_PRODUCTS_DIR; };
		2C9AD9E1281E083900C49EA8 /* AsynchronousIO.c */ = {isa = PBXFileReference; fileEncoding = 4; lastKnownFileType = sourcecode.c.c; lineEnding = 0; name = AsynchronousIO.c; path = ../Library/src/AsynchronousIO.c; sourceTree = "<group>"; };
		2C9AD9E2281E083900C49EA8 /* TestIO.c */ = {isa = PBXFileReference; fileEncoding = 4; lastKnownFileType = sourcecode.c.c; lineEnding = 0; name = TestIO.c; path = ../Library/src/TestIO.c; sourceTree = "<group>"; };
		2C9AD9E3281E083900C49EA8 /* AssertIO.c */ = {isa = PBXFileReference; fileEncoding = 4; lastKnownFileType = sourcecode.c.c; lineEnding = 0; name = AssertIO.c; path = ../Library/src/AssertIO.c; sourceTree = "<group>"; };
		2C9AD9E4281E083900C49EA8 /* GUUID.c */ = {isa = PBXFileReference; fileEncoding = 4; lastKnownFileType = sourcecode.c.c; lineEnding = 0; name = GUUID.c; path = ../Library/src/GUUID.c; sourceTree = "<group>"; };
		2C9AD9E5281E083900C49EA8 /* NetworkIO.c */ = {isa = PBXFileReference; fileEncoding = 4; lastKnownFileType = sourcecode.c.c; lineEnding = 0; name = NetworkIO.c; path = ../Library/src/NetworkIO.c; sourceTree = "<group>"; };
		2C9AD9E6281E083900C49EA8 /* MathIO.c */ = {isa = PBXFileReference; fileEncoding = 4; lastKnownFileType = sourcecode.c.c; lineEnding = 0; name = MathIO.c; path = ../Library/src/MathIO.c; sourceTree = "<group>"; };
		2C9AD9E7281E083900C49EA8 /* BufferIO.c */ = {isa = PBXFileReference; fileEncoding = 4; lastKnownFileType = sourcecode.c.c; lineEnding = 0; name = BufferIO.c; path = ../Library/src/BufferIO.c; sourceTree = "<group>"; };
		2C9AD9E8281E083900C49EA8 /* CryptographyIO.c */ = {isa = PBXFileReference; fileEncoding = 4; lastKnownFileType = sourcecode.c.c; lineEnding = 0; name = CryptographyIO.c; path = ../Library/src/CryptographyIO.c; sourceTree = "<group>"; };
		2C9AD9E9281E083900C49EA8 /* FileIO.c */ = {isa = PBXFileReference; fileEncoding = 4; lastKnownFileType = sourcecode.c.c; lineEnding = 0; name = FileIO.c; path = ../Library/src/FileIO.c; sourceTree = "<group>"; };
		2C9AD9EA281E083900C49EA8 /* PlatformIO.c */ = {isa = PBXFileReference; fileEncoding = 4; lastKnownFileType = sourcecode.c.c; lineEnding = 0; name = PlatformIO.c; path = ../Library/src/PlatformIO.c; sourceTree = "<group>"; };
		2C9AD9F6281E085700C49EA8 /* Test_NetworkIO.c */ = {isa = PBXFileReference; fileEncoding = 4; lastKnownFileType = sourcecode.c.c; lineEnding = 0; name = Test_NetworkIO.c; path = ../Library/src/Tests/Test_NetworkIO.c; sourceTree = "<group>"; };
		2C9AD9F7281E085700C49EA8 /* Test_MathIO.c */ = {isa = PBXFileReference; fileEncoding = 4; lastKnownFileType = sourcecode.c.c; lineEnding = 0; name = Test_MathIO.c; path = ../Library/src/Tests/Test_MathIO.c; sourceTree = "<group>"; };
		2C9AD9F8281E085700C49EA8 /* Test_BufferIO.c */ = {isa = PBXFileReference; fileEncoding = 4; lastKnownFileType = sourcecode.c.c; lineEnding = 0; name = Test_BufferIO.c; path = ../Library/src/Tests/Test_BufferIO.c; sourceTree = "<group>"; };
		2C9AD9F9281E085700C49EA8 /* Test_AsynchronousIO.c */ = {isa = PBXFileReference; fileEncoding = 4; lastKnownFileType = sourcecode.c.c; lineEnding = 0; name = Test_AsynchronousIO.c; path = ../Library/src/Tests/Test_AsynchronousIO.c; sourceTree = "<group>"; };
		2C9AD9FA281E085700C49EA8 /* Test_FileIO.c */ = {isa = PBXFileReference; fileEncoding = 4; lastKnownFileType = sourcecode.c.c; lineEnding = 0; name = Test_FileIO.c; path = ../Library/src/Tests/Test_FileIO.c; sourceTree = "<group>"; };
		2C9AD9FB281E085700C49EA8 /* Test_CryptographyIO.c */ = {isa = PBXFileReference; fileEncoding = 4; lastKnownFileType = sourcecode.c.c; lineEnding = 0; name = Test_CryptographyIO.c; path = ../Library/src/Tests/Test_CryptographyIO.c; sourceTree = "<group>"; };
		2C9AD9FC281E085700C49EA8 /* Test_GUUID.c */ = {isa = PBXFileReference; fileEncoding = 4; lastKnownFileType = sourcecode.c.c; lineEnding = 0; name = Test_GUUID.c; path = ../Library/src/Tests/Test_GUUID.c; sourceTree = "<group>"; };
		2C9AD9FD281E085700C49EA8 /* Test_PlatformIO.c */ = {isa = PBXFileReference; fileEncoding = 4; lastKnownFileType = sourcecode.c.c; lineEnding = 0; name = Test_PlatformIO.c; path = ../Library/src/Tests/Test_PlatformIO.c; sourceTree = "<group>"; };
		2C9ADA07281E08C700C49EA8 /* StringSetIO.c */ = {isa = PBXFileReference; fileEncoding = 4; lastKnownFileType = sourcecode.c.c; lineEnding = 0; name = StringSetIO.c; path = ../Library/src/TextIO/StringSetIO.c; sourceTree = "<group>"; };
		2C9ADA08281E08C700C49EA8 /* StringIO.c */ = {isa = PBXFileReference; fileEncoding = 4; lastKnownFileType = sourcecode.c.c; lineEnding = 0; name = StringIO.c; path = ../Library/src/TextIO/StringIO.c; sourceTree = "<group>"; };
		2C9ADA09281E08C700C49EA8 /* FormatIO.c */ = {isa = PBXFileReference; fileEncoding = 4; lastKnownFileType = sourcecode.c.c; lineEnding = 0; name = FormatIO.c; path = ../Library/src/TextIO/FormatIO.c; sourceTree = "<group>"; };
		2C9ADA0A281E08C700C49EA8 /* LocalizationIO.c */ = {isa = PBXFileReference; fileEncoding = 4; lastKnownFileType = sourcecode.c.c; lineEnding = 0; name = LocalizationIO.c; path = ../Library/src/TextIO/LocalizationIO.c; sourceTree = "<group>"; };
		2C9ADA0B281E08C700C49EA8 /* LogIO.c */ = {isa = PBXFileReference; fileEncoding = 4; lastKnownFileType = sourcecode.c.c; lineEnding = 0; name = LogIO.c; path = ../Library/src/TextIO/LogIO.c; sourceTree = "<group>"; };
		2C9ADA0C281E08C700C49EA8 /* TextIOTypes.c */ = {isa = PBXFileReference; fileEncoding = 4; lastKnownFileType = sourcecode.c.c; lineEnding = 0; name = TextIOTypes.c; path = ../Library/src/TextIO/TextIOTypes.c; sourceTree = "<group>"; };
		2C9ADA0D281E08C700C49EA8 /* CommandLineIO.c */ = {isa = PBXFileReference; fileEncoding = 4; lastKnownFileType = sourcecode.c.c; lineEnding = 0; name = CommandLineIO.c; path = ../Library/src/TextIO/CommandLineIO.c; sourceTree = "<group>"; };
		2C9ADA16281E08E100C49EA8 /* TextIOTables.c */ = {isa = PBXFileReference; fileEncoding = 4; lastKnownFileType = sourcecode.c.c; lineEnding = 0; name = TextIOTables.c; path = ../Library/src/TextIO/Private/TextIOTables.c; sourceTree = "<group>"; };
		2C9ADA19281E08FB00C49EA8 /* Test_LocalizationIO.c */ = {isa = PBXFileReference; fileEncoding = 4; lastKnownFileType = sourcecode.c.c; lineEnding = 0; name = Test_LocalizationIO.c; path = ../Library/src/TextIO/Tests/Test_LocalizationIO.c; sourceTree = "<group>"; };
		2C9ADA1A281E08FB00C49EA8 /* Test_CommandLineIO.c */ = {isa = PBXFileReference; fileEncoding = 4; lastKnownFileType = sourcecode.c.c; lineEnding = 0; name = Test_CommandLineIO.c; path = ../Library/src/TextIO/Tests/Test_CommandLineIO.c; sourceTree = "<group>"; };
		2C9ADA1B281E08FB00C49EA8 /* Test_LogIO.c */ = {isa = PBXFileReference; fileEncoding = 4; lastKnownFileType = sourcecode.c.c; lineEnding = 0; name = Test_LogIO.c; path = ../Library/src/TextIO/Tests/Test_LogIO.c; sourceTree = "<group>"; };
		2C9ADA1C281E08FB00C49EA8 /* Test_StringIO.c */ = {isa = PBXFileReference; fileEncoding = 4; lastKnownFileType = sourcecode.c.c; lineEnding = 0; name = Test_StringIO.c; path = ../Library/src/TextIO/Tests/Test_StringIO.c; sourceTree = "<group>"; };
		2C9ADA1D281E08FB00C49EA8 /* Test_FormatIO.c */ = {isa = PBXFileReference; fileEncoding = 4; lastKnownFileType = sourcecode.c.c; lineEnding = 0; name = Test_FormatIO.c; path = ../Library/src/TextIO/Tests/Test_FormatIO.c; sourceTree = "<group>"; };
		2C9ADA1E281E08FB00C49EA8 /* Test_StringSetIO.c */ = {isa = PBXFileReference; fileEncoding = 4; lastKnownFileType = sourcecode.c.c; lineEnding = 0; name = Test_StringSetIO.c; path = ../Library/src/TextIO/Tests/Test_StringSetIO.c; sourceTree = "<group>"; };
		2C9ADA1F281E092300C49EA8 /* TestIO.h */ = {isa = PBXFileReference; fileEncoding = 4; lastKnownFileType = sourcecode.c.h; lineEnding = 0; name = TestIO.h; path = ../Library/include/TestIO.h; sourceTree = "<group>"; };
		2C9ADA20281E092300C49EA8 /* AsynchronousIO.h */ = {isa = PBXFileReference; fileEncoding = 4; lastKnownFileType = sourcecode.c.h; lineEnding = 0; name = AsynchronousIO.h; path = ../Library/include/AsynchronousIO.h; sourceTree = "<group>"; };
		2C9ADA21281E092300C49EA8 /* GUUID.h */ = {isa = PBXFileReference; fileEncoding = 4; lastKnownFileType = sourcecode.c.h; lineEnding = 0; name = GUUID.h; path = ../Library/include/GUUID.h; sourceTree = "<group>"; };
		2C9ADA22281E092300C49EA8 /* AssertIO.h */ = {isa = PBXFileReference; fileEncoding = 4; lastKnownFileType = sourcecode.c.h; lineEnding = 0; name = AssertIO.h; path = ../Library/include/AssertIO.h; sourceTree = "<group>"; };
		2C9ADA23281E092300C49EA8 /* FileIO.h */ = {isa = PBXFileReference; fileEncoding = 4; lastKnownFileType = sourcecode.c.h; lineEnding = 0; name = FileIO.h; path = ../Library/include/FileIO.h; sourceTree = "<group>"; };
		2C9ADA24281E092300C49EA8 /* PlatformIO.h */ = {isa = PBXFileReference; fileEncoding = 4; lastKnownFileType = sourcecode.c.h; lineEnding = 0; name = PlatformIO.h; path = ../Library/include/PlatformIO.h; sourceTree = "<group>"; };
		2C9ADA25281E092300C49EA8 /* BufferIO.h */ = {isa = PBXFileReference; fileEncoding = 4; lastKnownFileType = sourcecode.c.h; lineEnding = 0; name = BufferIO.h; path = ../Library/include/BufferIO.h; sourceTree = "<group>"; };
		2C9ADA26281E092300C49EA8 /* NetworkIO.h */ = {isa = PBXFileReference; fileEncoding = 4; lastKnownFileType = sourcecode.c.h; lineEnding = 0; name = NetworkIO.h; path = ../Library/include/NetworkIO.h; sourceTree = "<group>"; };
		2C9ADA27281E092300C49EA8 /* RegistrationIO.h */ = {isa = PBXFileReference; fileEncoding = 4; lastKnownFileType = sourcecode.c.h; lineEnding = 0; name = RegistrationIO.h; path = ../Library/include/RegistrationIO.h; sourceTree = "<group>"; };
		2C9ADA28281E092300C49EA8 /* CryptographyIO.h */ = {isa = PBXFileReference; fileEncoding = 4; lastKnownFileType = sourcecode.c.h; lineEnding = 0; name = CryptographyIO.h; path = ../Library/include/CryptographyIO.h; sourceTree = "<group>"; };
		2C9ADA29281E092300C49EA8 /* MathIO.h */ = {isa = PBXFileReference; fileEncoding = 4; lastKnownFileType = sourcecode.c.h; lineEnding = 0; name = MathIO.h; path = ../Library/include/MathIO.h; sourceTree = "<group>"; };
		2C9ADA36281E094400C49EA8 /* TextIOTypes.h */ = {isa = PBXFileReference; fileEncoding = 4; lastKnownFileType = sourcecode.c.h; lineEnding = 0; name = TextIOTypes.h; path = ../Library/include/TextIO/TextIOTypes.h; sourceTree = "<group>"; };
		2C9ADA37281E094400C49EA8 /* CommandLineIO.h */ = {isa = PBXFileReference; fileEncoding = 4; lastKnownFileType = sourcecode.c.h; lineEnding = 0; name = CommandLineIO.h; path = ../Library/include/TextIO/CommandLineIO.h; sourceTree = "<group>"; };
		2C9ADA38281E094400C49EA8 /* LocalizationIO.h */ = {isa = PBXFileReference; fileEncoding = 4; lastKnownFileType = sourcecode.c.h; lineEnding = 0; name = LocalizationIO.h; path = ../Library/include/TextIO/LocalizationIO.h; sourceTree = "<group>"; };
		2C9ADA39281E094400C49EA8 /* StringIO.h */ = {isa = PBXFileReference; fileEncoding = 4; lastKnownFileType = sourcecode.c.h; lineEnding = 0; name = StringIO.h; path = ../Library/include/TextIO/StringIO.h; sourceTree = "<group>"; };
		2C9ADA3A281E094400C49EA8 /* FormatIO.h */ = {isa = PBXFileReference; fileEncoding = 4; lastKnownFileType = sourcecode.c.h; lineEnding = 0; name = FormatIO.h; path = ../Library/include/TextIO/FormatIO.h; sourceTree = "<group>"; };
		2C9ADA3B281E094400C49EA8 /* StringSetIO.h */ = {isa = PBXFileReference; fileEncoding = 4; lastKnownFileType = sourcecode.c.h; lineEnding = 0; name = StringSetIO.h; path = ../Library/include/TextIO/StringSetIO.h; sourceTree = "<group>"; };
		2C9ADA3C281E094400C49EA8 /* LogIO.h */ = {isa = PBXFileReference; fileEncoding = 4; lastKnownFileType = sourcecode.c.h; lineEnding = 0; name = LogIO.h; path = ../Library/include/TextIO/LogIO.h; sourceTree = "<group>"; };
		2C9ADA45281E095C00C49EA8 /* TextIOTables.h */ = {isa = PBXFileReference; fileEncoding = 4; lastKnownFileType = sourcecode.c.h; lineEnding = 0; name = TextIOTables.h; path = ../Library/include/TextIO/Private/TextIOTables.h; sourceTree = "<group>"; };
		2C9ADA54281E19D800C49EA8 /* Test_AsynchronousIO */ = {isa = PBXFileReference; explicitFileType = "compiled.mach-o.executable"; includeInIndex = 0; path = Test_AsynchronousIO; sourceTree = BUILT_PRODUCTS_DIR; };
		2C9ADA5F281E19E300C49EA8 /* Test_BufferIO */ = {isa = PBXFileReference; explicitFileType = "compiled.mach-o.executable"; includeInIndex = 0; path = Test_BufferIO; sourceTree = BUILT_PRODUCTS_DIR; };
		2C9ADA6A281E19ED00C49EA8 /* Test_CryptographyIO */ = {isa = PBXFileReference; explicitFileType = "compiled.mach-o.executable"; includeInIndex = 0; path = Test_CryptographyIO; sourceTree = BUILT_PRODUCTS_DIR; };
		2C9ADA75281E19F600C49EA8 /* Test_FileIO */ = {isa = PBXFileReference; explicitFileType = "compiled.mach-o.executable"; includeInIndex = 0; path = Test_FileIO; sourceTree = BUILT_PRODUCTS_DIR; };
		2C9ADA80281E1A0100C49EA8 /* Test_GUUID */ = {isa = PBXFileReference; explicitFileType = "compiled.mach-o.executable"; includeInIndex = 0; path = Test_GUUID; sourceTree = BUILT_PRODUCTS_DIR; };
		2C9ADA8B281E1A0C00C49EA8 /* Test_MathIO */ = {isa = PBXFileReference; explicitFileType = "compiled.mach-o.executable"; includeInIndex = 0; path = Test_MathIO; sourceTree = BUILT_PRODUCTS_DIR; };
		2C9ADA96281E1A2700C49EA8 /* Test_NetworkIO */ = {isa = PBXFileReference; explicitFileType = "compiled.mach-o.executable"; includeInIndex = 0; path = Test_NetworkIO; sourceTree = BUILT_PRODUCTS_DIR; };
		2C9ADAA1281E1A3E00C49EA8 /* Test_PlatformIO */ = {isa = PBXFileReference; explicitFileType = "compiled.mach-o.executable"; includeInIndex = 0; path = Test_PlatformIO; sourceTree = BUILT_PRODUCTS_DIR; };
		2C9ADAAC281E1A4E00C49EA8 /* Test_CommandLineIO */ = {isa = PBXFileReference; explicitFileType = "compiled.mach-o.executable"; includeInIndex = 0; path = Test_CommandLineIO; sourceTree = BUILT_PRODUCTS_DIR; };
		2C9ADAB7281E1A5A00C49EA8 /* Test_FormatIO */ = {isa = PBXFileReference; explicitFileType = "compiled.mach-o.executable"; includeInIndex = 0; path = Test_FormatIO; sourceTree = BUILT_PRODUCTS_DIR; };
		2C9ADAC2281E1A6500C49EA8 /* Test_LocalizationIO */ = {isa = PBXFileReference; explicitFileType = "compiled.mach-o.executable"; includeInIndex = 0; path = Test_LocalizationIO; sourceTree = BUILT_PRODUCTS_DIR; };
		2C9ADACD281E1A7000C49EA8 /* Test_LogIO */ = {isa = PBXFileReference; explicitFileType = "compiled.mach-o.executable"; includeInIndex = 0; path = Test_LogIO; sourceTree = BUILT_PRODUCTS_DIR; };
		2C9ADAD8281E1A7A00C49EA8 /* Test_StringIO */ = {isa = PBXFileReference; explicitFileType = "compiled.mach-o.executable"; includeInIndex = 0; path = Test_StringIO; sourceTree = BUILT_PRODUCTS_DIR; };
		2C9ADAE3281E1A8600C49EA8 /* Test_StringSetIO */ = {isa = PBXFileReference; explicitFileType = "compiled.mach-o.executable"; includeInIndex = 0; path = Test_StringSetIO; sourceTree = BUILT_PRODUCTS_DIR; };
/* End PBXFileReference section */

/* Begin PBXFrameworksBuildPhase section */
		2C9ADA51281E19D800C49EA8 /* Frameworks */ = {
			isa = PBXFrameworksBuildPhase;
			buildActionMask = 2147483647;
			files = (
			);
			runOnlyForDeploymentPostprocessing = 0;
		};
/* End PBXFrameworksBuildPhase section */

/* Begin PBXGroup section */
		2C0FD0E0281E220F00B8E570 /* Frameworks */ = {
			isa = PBXGroup;
			children = (
			);
			name = Frameworks;
			sourceTree = "<group>";
		};
		2C9AD9CB281E078C00C49EA8 = {
			isa = PBXGroup;
			children = (
				2C9AD9DF281E081500C49EA8 /* Headers */,
				2C9AD9E0281E081B00C49EA8 /* Source */,
				2C9AD9D6281E078C00C49EA8 /* Products */,
				2C0FD0E0281E220F00B8E570 /* Frameworks */,
			);
			sourceTree = "<group>";
		};
		2C9AD9D6281E078C00C49EA8 /* Products */ = {
			isa = PBXGroup;
			children = (
				2C9AD9D5281E078C00C49EA8 /* FoundationIO.framework */,
				2C9ADA54281E19D800C49EA8 /* Test_AsynchronousIO */,
				2C9ADA5F281E19E300C49EA8 /* Test_BufferIO */,
				2C9ADA6A281E19ED00C49EA8 /* Test_CryptographyIO */,
				2C9ADA75281E19F600C49EA8 /* Test_FileIO */,
				2C9ADA80281E1A0100C49EA8 /* Test_GUUID */,
				2C9ADA8B281E1A0C00C49EA8 /* Test_MathIO */,
				2C9ADA96281E1A2700C49EA8 /* Test_NetworkIO */,
				2C9ADAA1281E1A3E00C49EA8 /* Test_PlatformIO */,
				2C9ADAAC281E1A4E00C49EA8 /* Test_CommandLineIO */,
				2C9ADAB7281E1A5A00C49EA8 /* Test_FormatIO */,
				2C9ADAC2281E1A6500C49EA8 /* Test_LocalizationIO */,
				2C9ADACD281E1A7000C49EA8 /* Test_LogIO */,
				2C9ADAD8281E1A7A00C49EA8 /* Test_StringIO */,
				2C9ADAE3281E1A8600C49EA8 /* Test_StringSetIO */,
			);
			name = Products;
			sourceTree = "<group>";
		};
		2C9AD9DF281E081500C49EA8 /* Headers */ = {
			isa = PBXGroup;
			children = (
				2C41D421281E76EA00AD89B1 /* FoundationIO.h */,
				2C9ADA35281E092B00C49EA8 /* TextIO */,
				2C7D9A83286462790090D972 /* CollectionIO.h */,
				2C9ADA22281E092300C49EA8 /* AssertIO.h */,
				2C9ADA20281E092300C49EA8 /* AsynchronousIO.h */,
				2C9ADA25281E092300C49EA8 /* BufferIO.h */,
				2C9ADA28281E092300C49EA8 /* CryptographyIO.h */,
				2C9ADA23281E092300C49EA8 /* FileIO.h */,
				2C9ADA21281E092300C49EA8 /* GUUID.h */,
				2C9ADA29281E092300C49EA8 /* MathIO.h */,
				2C9ADA26281E092300C49EA8 /* NetworkIO.h */,
				2C9ADA24281E092300C49EA8 /* PlatformIO.h */,
				2C7D9A89286471AF0090D972 /* SortIO.h */,
				2C9ADA27281E092300C49EA8 /* RegistrationIO.h */,
				2C9ADA1F281E092300C49EA8 /* TestIO.h */,
			);
			name = Headers;
			sourceTree = "<group>";
		};
		2C9AD9E0281E081B00C49EA8 /* Source */ = {
			isa = PBXGroup;
			children = (
				2C9ADA06281E08AE00C49EA8 /* TextIO */,
				2C7D9A85286463320090D972 /* CollectionIO.c */,
				2C9AD9E3281E083900C49EA8 /* AssertIO.c */,
				2C9AD9E1281E083900C49EA8 /* AsynchronousIO.c */,
				2C9AD9E7281E083900C49EA8 /* BufferIO.c */,
				2C9AD9E8281E083900C49EA8 /* CryptographyIO.c */,
				2C9AD9E9281E083900C49EA8 /* FileIO.c */,
				2C9AD9E4281E083900C49EA8 /* GUUID.c */,
				2C9AD9E6281E083900C49EA8 /* MathIO.c */,
				2C9AD9E5281E083900C49EA8 /* NetworkIO.c */,
				2C9AD9EA281E083900C49EA8 /* PlatformIO.c */,
				2C7D9A87286471830090D972 /* SortIO.c */,
				2C9AD9E2281E083900C49EA8 /* TestIO.c */,
				2C9AD9F5281E083F00C49EA8 /* Tests */,
			);
			name = Source;
			sourceTree = "<group>";
		};
		2C9AD9F5281E083F00C49EA8 /* Tests */ = {
			isa = PBXGroup;
			children = (
				2C9AD9F9281E085700C49EA8 /* Test_AsynchronousIO.c */,
				2C9AD9F8281E085700C49EA8 /* Test_BufferIO.c */,
				2C9AD9FB281E085700C49EA8 /* Test_CryptographyIO.c */,
				2C9AD9FA281E085700C49EA8 /* Test_FileIO.c */,
				2C9AD9FC281E085700C49EA8 /* Test_GUUID.c */,
				2C9AD9F7281E085700C49EA8 /* Test_MathIO.c */,
				2C9AD9F6281E085700C49EA8 /* Test_NetworkIO.c */,
				2C9AD9FD281E085700C49EA8 /* Test_PlatformIO.c */,
				2C7D9A8B286477D00090D972 /* Test_SortIO.c */,
			);
			name = Tests;
			sourceTree = "<group>";
		};
		2C9ADA06281E08AE00C49EA8 /* TextIO */ = {
			isa = PBXGroup;
			children = (
				2C9ADA15281E08D400C49EA8 /* Private */,
				2C9ADA0C281E08C700C49EA8 /* TextIOTypes.c */,
				2C9ADA0D281E08C700C49EA8 /* CommandLineIO.c */,
				2C9ADA09281E08C700C49EA8 /* FormatIO.c */,
				2C9ADA0A281E08C700C49EA8 /* LocalizationIO.c */,
				2C9ADA0B281E08C700C49EA8 /* LogIO.c */,
				2C9ADA08281E08C700C49EA8 /* StringIO.c */,
				2C9ADA07281E08C700C49EA8 /* StringSetIO.c */,
				2C9ADA18281E08E800C49EA8 /* Tests */,
			);
			name = TextIO;
			sourceTree = "<group>";
		};
		2C9ADA15281E08D400C49EA8 /* Private */ = {
			isa = PBXGroup;
			children = (
				2C9ADA16281E08E100C49EA8 /* TextIOTables.c */,
			);
			name = Private;
			sourceTree = "<group>";
		};
		2C9ADA18281E08E800C49EA8 /* Tests */ = {
			isa = PBXGroup;
			children = (
				2C9ADA1A281E08FB00C49EA8 /* Test_CommandLineIO.c */,
				2C9ADA1D281E08FB00C49EA8 /* Test_FormatIO.c */,
				2C9ADA19281E08FB00C49EA8 /* Test_LocalizationIO.c */,
				2C9ADA1B281E08FB00C49EA8 /* Test_LogIO.c */,
				2C9ADA1C281E08FB00C49EA8 /* Test_StringIO.c */,
				2C9ADA1E281E08FB00C49EA8 /* Test_StringSetIO.c */,
			);
			name = Tests;
			sourceTree = "<group>";
		};
		2C9ADA35281E092B00C49EA8 /* TextIO */ = {
			isa = PBXGroup;
			children = (
				2C9ADA44281E094F00C49EA8 /* Private */,
				2C9ADA36281E094400C49EA8 /* TextIOTypes.h */,
				2C9ADA37281E094400C49EA8 /* CommandLineIO.h */,
				2C9ADA3A281E094400C49EA8 /* FormatIO.h */,
				2C9ADA38281E094400C49EA8 /* LocalizationIO.h */,
				2C9ADA3C281E094400C49EA8 /* LogIO.h */,
				2C9ADA39281E094400C49EA8 /* StringIO.h */,
				2C9ADA3B281E094400C49EA8 /* StringSetIO.h */,
			);
			name = TextIO;
			sourceTree = "<group>";
		};
		2C9ADA44281E094F00C49EA8 /* Private */ = {
			isa = PBXGroup;
			children = (
				2C9ADA45281E095C00C49EA8 /* TextIOTables.h */,
			);
			name = Private;
			sourceTree = "<group>";
		};
/* End PBXGroup section */

/* Begin PBXHeadersBuildPhase section */
		2C9AD9D0281E078C00C49EA8 /* Headers */ = {
			isa = PBXHeadersBuildPhase;
			buildActionMask = 2147483647;
			files = (
				2C41D422281E76EA00AD89B1 /* FoundationIO.h in Headers */,
				2C7D9A84286462790090D972 /* CollectionIO.h in Headers */,
				2C9ADA2D281E092300C49EA8 /* AssertIO.h in Headers */,
				2C9ADA2B281E092300C49EA8 /* AsynchronousIO.h in Headers */,
				2C9ADA30281E092300C49EA8 /* BufferIO.h in Headers */,
				2C9ADA33281E092300C49EA8 /* CryptographyIO.h in Headers */,
				2C9ADA2E281E092300C49EA8 /* FileIO.h in Headers */,
				2C9ADA2C281E092300C49EA8 /* GUUID.h in Headers */,
				2C9ADA34281E092300C49EA8 /* MathIO.h in Headers */,
				2C9ADA31281E092300C49EA8 /* NetworkIO.h in Headers */,
				2C7D9A8A286471AF0090D972 /* SortIO.h in Headers */,
				2C9ADA32281E092300C49EA8 /* RegistrationIO.h in Headers */,
				2C9ADA2F281E092300C49EA8 /* PlatformIO.h in Headers */,
				2C9ADA46281E095C00C49EA8 /* TextIOTables.h in Headers */,
				2C9ADA3D281E094400C49EA8 /* TextIOTypes.h in Headers */,
				2C9ADA3E281E094400C49EA8 /* CommandLineIO.h in Headers */,
				2C9ADA41281E094400C49EA8 /* FormatIO.h in Headers */,
				2C9ADA3F281E094400C49EA8 /* LocalizationIO.h in Headers */,
				2C9ADA43281E094400C49EA8 /* LogIO.h in Headers */,
				2C9ADA40281E094400C49EA8 /* StringIO.h in Headers */,
				2C9ADA42281E094400C49EA8 /* StringSetIO.h in Headers */,
			);
			runOnlyForDeploymentPostprocessing = 0;
		};
/* End PBXHeadersBuildPhase section */

/* Begin PBXNativeTarget section */
		2C9AD9D4281E078C00C49EA8 /* FoundationIO */ = {
			isa = PBXNativeTarget;
			buildConfigurationList = 2C9AD9DC281E078C00C49EA8 /* Build configuration list for PBXNativeTarget "FoundationIO" */;
			buildPhases = (
				2C9AD9D0281E078C00C49EA8 /* Headers */,
				2C9AD9D1281E078C00C49EA8 /* Sources */,
				2C9ADA51281E19D800C49EA8 /* Frameworks */,
				2C9AD9D3281E078C00C49EA8 /* Resources */,
				2C9ADA48281E0DF100C49EA8 /* CopyFiles */,
			);
			buildRules = (
			);
			dependencies = (
			);
			name = FoundationIO;
			productName = FoundationIO;
			productReference = 2C9AD9D5281E078C00C49EA8 /* FoundationIO.framework */;
			productType = "com.apple.product-type.framework";
		};
		2C9ADA53281E19D800C49EA8 /* Test_AsynchronousIO */ = {
			isa = PBXNativeTarget;
			buildConfigurationList = 2C9ADA58281E19D800C49EA8 /* Build configuration list for PBXNativeTarget "Test_AsynchronousIO" */;
			buildPhases = (
				2C9ADA50281E19D800C49EA8 /* Sources */,
				2C9ADA51281E19D800C49EA8 /* Frameworks */,
				2C9ADA52281E19D800C49EA8 /* CopyFiles */,
			);
			buildRules = (
			);
			dependencies = (
				2C0FD0F0281E225F00B8E570 /* PBXTargetDependency */,
			);
			name = Test_AsynchronousIO;
			productName = Test_AsynchronousIO;
			productReference = 2C9ADA54281E19D800C49EA8 /* Test_AsynchronousIO */;
			productType = "com.apple.product-type.tool";
		};
		2C9ADA5E281E19E300C49EA8 /* Test_BufferIO */ = {
			isa = PBXNativeTarget;
			buildConfigurationList = 2C9ADA63281E19E300C49EA8 /* Build configuration list for PBXNativeTarget "Test_BufferIO" */;
			buildPhases = (
				2C9ADA5B281E19E300C49EA8 /* Sources */,
				2C9ADA51281E19D800C49EA8 /* Frameworks */,
				2C9ADA52281E19D800C49EA8 /* CopyFiles */,
			);
			buildRules = (
			);
			dependencies = (
				2C0FD0F0281E225F00B8E570 /* PBXTargetDependency */,
			);
			name = Test_BufferIO;
			productName = Test_BufferIO;
			productReference = 2C9ADA5F281E19E300C49EA8 /* Test_BufferIO */;
			productType = "com.apple.product-type.tool";
		};
		2C9ADA69281E19ED00C49EA8 /* Test_CryptographyIO */ = {
			isa = PBXNativeTarget;
			buildConfigurationList = 2C9ADA6E281E19ED00C49EA8 /* Build configuration list for PBXNativeTarget "Test_CryptographyIO" */;
			buildPhases = (
				2C9ADA66281E19ED00C49EA8 /* Sources */,
				2C9ADA51281E19D800C49EA8 /* Frameworks */,
				2C9ADA52281E19D800C49EA8 /* CopyFiles */,
			);
			buildRules = (
			);
			dependencies = (
				2C0FD0F0281E225F00B8E570 /* PBXTargetDependency */,
			);
			name = Test_CryptographyIO;
			productName = Test_CryptographyIO;
			productReference = 2C9ADA6A281E19ED00C49EA8 /* Test_CryptographyIO */;
			productType = "com.apple.product-type.tool";
		};
		2C9ADA74281E19F600C49EA8 /* Test_FileIO */ = {
			isa = PBXNativeTarget;
			buildConfigurationList = 2C9ADA79281E19F600C49EA8 /* Build configuration list for PBXNativeTarget "Test_FileIO" */;
			buildPhases = (
				2C9ADA71281E19F600C49EA8 /* Sources */,
				2C9ADA51281E19D800C49EA8 /* Frameworks */,
				2C9ADA52281E19D800C49EA8 /* CopyFiles */,
			);
			buildRules = (
			);
			dependencies = (
				2C0FD0F0281E225F00B8E570 /* PBXTargetDependency */,
			);
			name = Test_FileIO;
			productName = Test_FileIO;
			productReference = 2C9ADA75281E19F600C49EA8 /* Test_FileIO */;
			productType = "com.apple.product-type.tool";
		};
		2C9ADA7F281E1A0100C49EA8 /* Test_GUUID */ = {
			isa = PBXNativeTarget;
			buildConfigurationList = 2C9ADA84281E1A0100C49EA8 /* Build configuration list for PBXNativeTarget "Test_GUUID" */;
			buildPhases = (
				2C9ADA7C281E1A0100C49EA8 /* Sources */,
				2C9ADA51281E19D800C49EA8 /* Frameworks */,
				2C9ADA52281E19D800C49EA8 /* CopyFiles */,
			);
			buildRules = (
			);
			dependencies = (
				2C0FD0F0281E225F00B8E570 /* PBXTargetDependency */,
			);
			name = Test_GUUID;
			productName = Test_GUUID;
			productReference = 2C9ADA80281E1A0100C49EA8 /* Test_GUUID */;
			productType = "com.apple.product-type.tool";
		};
		2C9ADA8A281E1A0C00C49EA8 /* Test_MathIO */ = {
			isa = PBXNativeTarget;
			buildConfigurationList = 2C9ADA8F281E1A0C00C49EA8 /* Build configuration list for PBXNativeTarget "Test_MathIO" */;
			buildPhases = (
				2C9ADA87281E1A0C00C49EA8 /* Sources */,
				2C9ADA51281E19D800C49EA8 /* Frameworks */,
				2C9ADA52281E19D800C49EA8 /* CopyFiles */,
			);
			buildRules = (
			);
			dependencies = (
				2C0FD0F0281E225F00B8E570 /* PBXTargetDependency */,
			);
			name = Test_MathIO;
			productName = Test_MathIO;
			productReference = 2C9ADA8B281E1A0C00C49EA8 /* Test_MathIO */;
			productType = "com.apple.product-type.tool";
		};
		2C9ADA95281E1A2700C49EA8 /* Test_NetworkIO */ = {
			isa = PBXNativeTarget;
			buildConfigurationList = 2C9ADA9A281E1A2700C49EA8 /* Build configuration list for PBXNativeTarget "Test_NetworkIO" */;
			buildPhases = (
				2C9ADA92281E1A2700C49EA8 /* Sources */,
				2C9ADA51281E19D800C49EA8 /* Frameworks */,
				2C9ADA52281E19D800C49EA8 /* CopyFiles */,
			);
			buildRules = (
			);
			dependencies = (
				2C0FD0F0281E225F00B8E570 /* PBXTargetDependency */,
			);
			name = Test_NetworkIO;
			productName = Test_NetworkIO;
			productReference = 2C9ADA96281E1A2700C49EA8 /* Test_NetworkIO */;
			productType = "com.apple.product-type.tool";
		};
		2C9ADAA0281E1A3E00C49EA8 /* Test_PlatformIO */ = {
			isa = PBXNativeTarget;
			buildConfigurationList = 2C9ADAA5281E1A3E00C49EA8 /* Build configuration list for PBXNativeTarget "Test_PlatformIO" */;
			buildPhases = (
				2C9ADA9D281E1A3E00C49EA8 /* Sources */,
				2C9ADA51281E19D800C49EA8 /* Frameworks */,
				2C9ADA52281E19D800C49EA8 /* CopyFiles */,
			);
			buildRules = (
			);
			dependencies = (
				2C0FD0F0281E225F00B8E570 /* PBXTargetDependency */,
			);
			name = Test_PlatformIO;
			productName = Test_PlatformIO;
			productReference = 2C9ADAA1281E1A3E00C49EA8 /* Test_PlatformIO */;
			productType = "com.apple.product-type.tool";
		};
		2C9ADAAB281E1A4E00C49EA8 /* Test_CommandLineIO */ = {
			isa = PBXNativeTarget;
			buildConfigurationList = 2C9ADAB0281E1A4E00C49EA8 /* Build configuration list for PBXNativeTarget "Test_CommandLineIO" */;
			buildPhases = (
				2C9ADAA8281E1A4E00C49EA8 /* Sources */,
				2C9ADA51281E19D800C49EA8 /* Frameworks */,
				2C9ADA52281E19D800C49EA8 /* CopyFiles */,
			);
			buildRules = (
			);
			dependencies = (
				2C0FD0F0281E225F00B8E570 /* PBXTargetDependency */,
			);
			name = Test_CommandLineIO;
			productName = Test_CommandLineIO;
			productReference = 2C9ADAAC281E1A4E00C49EA8 /* Test_CommandLineIO */;
			productType = "com.apple.product-type.tool";
		};
		2C9ADAB6281E1A5A00C49EA8 /* Test_FormatIO */ = {
			isa = PBXNativeTarget;
			buildConfigurationList = 2C9ADABB281E1A5A00C49EA8 /* Build configuration list for PBXNativeTarget "Test_FormatIO" */;
			buildPhases = (
				2C9ADAB3281E1A5A00C49EA8 /* Sources */,
				2C9ADA51281E19D800C49EA8 /* Frameworks */,
				2C9ADA52281E19D800C49EA8 /* CopyFiles */,
			);
			buildRules = (
			);
			dependencies = (
				2C0FD0F0281E225F00B8E570 /* PBXTargetDependency */,
			);
			name = Test_FormatIO;
			productName = Test_FormatIO;
			productReference = 2C9ADAB7281E1A5A00C49EA8 /* Test_FormatIO */;
			productType = "com.apple.product-type.tool";
		};
		2C9ADAC1281E1A6500C49EA8 /* Test_LocalizationIO */ = {
			isa = PBXNativeTarget;
			buildConfigurationList = 2C9ADAC6281E1A6500C49EA8 /* Build configuration list for PBXNativeTarget "Test_LocalizationIO" */;
			buildPhases = (
				2C9ADABE281E1A6500C49EA8 /* Sources */,
				2C9ADA51281E19D800C49EA8 /* Frameworks */,
				2C9ADA52281E19D800C49EA8 /* CopyFiles */,
			);
			buildRules = (
			);
			dependencies = (
				2C0FD0F0281E225F00B8E570 /* PBXTargetDependency */,
			);
			name = Test_LocalizationIO;
			productName = Test_LocalizationIO;
			productReference = 2C9ADAC2281E1A6500C49EA8 /* Test_LocalizationIO */;
			productType = "com.apple.product-type.tool";
		};
		2C9ADACC281E1A7000C49EA8 /* Test_LogIO */ = {
			isa = PBXNativeTarget;
			buildConfigurationList = 2C9ADAD1281E1A7000C49EA8 /* Build configuration list for PBXNativeTarget "Test_LogIO" */;
			buildPhases = (
				2C9ADAC9281E1A7000C49EA8 /* Sources */,
				2C9ADA51281E19D800C49EA8 /* Frameworks */,
				2C9ADA52281E19D800C49EA8 /* CopyFiles */,
			);
			buildRules = (
			);
			dependencies = (
				2C0FD0F0281E225F00B8E570 /* PBXTargetDependency */,
			);
			name = Test_LogIO;
			productName = Test_LogIO;
			productReference = 2C9ADACD281E1A7000C49EA8 /* Test_LogIO */;
			productType = "com.apple.product-type.tool";
		};
		2C9ADAD7281E1A7A00C49EA8 /* Test_StringIO */ = {
			isa = PBXNativeTarget;
			buildConfigurationList = 2C9ADADC281E1A7A00C49EA8 /* Build configuration list for PBXNativeTarget "Test_StringIO" */;
			buildPhases = (
				2C9ADAD4281E1A7A00C49EA8 /* Sources */,
				2C9ADA51281E19D800C49EA8 /* Frameworks */,
				2C9ADA52281E19D800C49EA8 /* CopyFiles */,
			);
			buildRules = (
			);
			dependencies = (
				2C0FD0F0281E225F00B8E570 /* PBXTargetDependency */,
			);
			name = Test_StringIO;
			productName = Test_StringIO;
			productReference = 2C9ADAD8281E1A7A00C49EA8 /* Test_StringIO */;
			productType = "com.apple.product-type.tool";
		};
		2C9ADAE2281E1A8600C49EA8 /* Test_StringSetIO */ = {
			isa = PBXNativeTarget;
			buildConfigurationList = 2C9ADAE7281E1A8600C49EA8 /* Build configuration list for PBXNativeTarget "Test_StringSetIO" */;
			buildPhases = (
				2C9ADADF281E1A8600C49EA8 /* Sources */,
				2C9ADA51281E19D800C49EA8 /* Frameworks */,
				2C9ADA52281E19D800C49EA8 /* CopyFiles */,
			);
			buildRules = (
			);
			dependencies = (
				2C0FD0F0281E225F00B8E570 /* PBXTargetDependency */,
			);
			name = Test_StringSetIO;
			productName = Test_StringSetIO;
			productReference = 2C9ADAE3281E1A8600C49EA8 /* Test_StringSetIO */;
			productType = "com.apple.product-type.tool";
		};
/* End PBXNativeTarget section */

/* Begin PBXProject section */
		2C9AD9CC281E078C00C49EA8 /* Project object */ = {
			isa = PBXProject;
			attributes = {
				BuildIndependentTargetsInParallel = 1;
				LastUpgradeCheck = 1330;
				TargetAttributes = {
					2C9AD9D4281E078C00C49EA8 = {
						CreatedOnToolsVersion = 13.2.1;
					};
					2C9ADA53281E19D800C49EA8 = {
						CreatedOnToolsVersion = 13.2.1;
					};
					2C9ADA5E281E19E300C49EA8 = {
						CreatedOnToolsVersion = 13.2.1;
					};
					2C9ADA69281E19ED00C49EA8 = {
						CreatedOnToolsVersion = 13.2.1;
					};
					2C9ADA74281E19F600C49EA8 = {
						CreatedOnToolsVersion = 13.2.1;
					};
					2C9ADA7F281E1A0100C49EA8 = {
						CreatedOnToolsVersion = 13.2.1;
					};
					2C9ADA8A281E1A0C00C49EA8 = {
						CreatedOnToolsVersion = 13.2.1;
					};
					2C9ADA95281E1A2700C49EA8 = {
						CreatedOnToolsVersion = 13.2.1;
					};
					2C9ADAA0281E1A3E00C49EA8 = {
						CreatedOnToolsVersion = 13.2.1;
					};
					2C9ADAAB281E1A4E00C49EA8 = {
						CreatedOnToolsVersion = 13.2.1;
					};
					2C9ADAB6281E1A5A00C49EA8 = {
						CreatedOnToolsVersion = 13.2.1;
					};
					2C9ADAC1281E1A6500C49EA8 = {
						CreatedOnToolsVersion = 13.2.1;
					};
					2C9ADACC281E1A7000C49EA8 = {
						CreatedOnToolsVersion = 13.2.1;
					};
					2C9ADAD7281E1A7A00C49EA8 = {
						CreatedOnToolsVersion = 13.2.1;
					};
					2C9ADAE2281E1A8600C49EA8 = {
						CreatedOnToolsVersion = 13.2.1;
					};
				};
			};
			buildConfigurationList = 2C9AD9CF281E078C00C49EA8 /* Build configuration list for PBXProject "FoundationIO" */;
			compatibilityVersion = "Xcode 13.0";
			developmentRegion = en;
			hasScannedForEncodings = 0;
			knownRegions = (
				en,
				Base,
			);
			mainGroup = 2C9AD9CB281E078C00C49EA8;
			productRefGroup = 2C9AD9D6281E078C00C49EA8 /* Products */;
			projectDirPath = "";
			projectRoot = "";
			targets = (
				2C9AD9D4281E078C00C49EA8 /* FoundationIO */,
				2C9ADA53281E19D800C49EA8 /* Test_AsynchronousIO */,
				2C9ADA5E281E19E300C49EA8 /* Test_BufferIO */,
				2C9ADA69281E19ED00C49EA8 /* Test_CryptographyIO */,
				2C9ADA74281E19F600C49EA8 /* Test_FileIO */,
				2C9ADA7F281E1A0100C49EA8 /* Test_GUUID */,
				2C9ADA8A281E1A0C00C49EA8 /* Test_MathIO */,
				2C9ADA95281E1A2700C49EA8 /* Test_NetworkIO */,
				2C9ADAA0281E1A3E00C49EA8 /* Test_PlatformIO */,
				2C9ADAAB281E1A4E00C49EA8 /* Test_CommandLineIO */,
				2C9ADAB6281E1A5A00C49EA8 /* Test_FormatIO */,
				2C9ADAC1281E1A6500C49EA8 /* Test_LocalizationIO */,
				2C9ADACC281E1A7000C49EA8 /* Test_LogIO */,
				2C9ADAD7281E1A7A00C49EA8 /* Test_StringIO */,
				2C9ADAE2281E1A8600C49EA8 /* Test_StringSetIO */,
			);
		};
/* End PBXProject section */

/* Begin PBXResourcesBuildPhase section */
		2C9AD9D3281E078C00C49EA8 /* Resources */ = {
			isa = PBXResourcesBuildPhase;
			buildActionMask = 2147483647;
			files = (
			);
			runOnlyForDeploymentPostprocessing = 0;
		};
/* End PBXResourcesBuildPhase section */

/* Begin PBXSourcesBuildPhase section */
		2C9AD9D1281E078C00C49EA8 /* Sources */ = {
			isa = PBXSourcesBuildPhase;
			buildActionMask = 2147483647;
			files = (
				2C9ADA13281E08C700C49EA8 /* TextIOTypes.c in Sources */,
				2C9ADA12281E08C700C49EA8 /* LogIO.c in Sources */,
				2C9AD9EB281E083900C49EA8 /* AsynchronousIO.c in Sources */,
				2C9AD9ED281E083900C49EA8 /* AssertIO.c in Sources */,
				2C9ADA0E281E08C700C49EA8 /* StringSetIO.c in Sources */,
				2CA90BD9286BCF1800A3E7F6 /* CollectionIO.c in Sources */,
				2C9ADA17281E08E100C49EA8 /* TextIOTables.c in Sources */,
				2C9ADA14281E08C700C49EA8 /* CommandLineIO.c in Sources */,
				2C9AD9EF281E083900C49EA8 /* NetworkIO.c in Sources */,
				2C9AD9F1281E083900C49EA8 /* BufferIO.c in Sources */,
				2C9AD9F0281E083900C49EA8 /* MathIO.c in Sources */,
				2C9AD9F2281E083900C49EA8 /* CryptographyIO.c in Sources */,
				2C9ADA10281E08C700C49EA8 /* FormatIO.c in Sources */,
				2C9AD9F4281E083900C49EA8 /* PlatformIO.c in Sources */,
				2C9AD9F3281E083900C49EA8 /* FileIO.c in Sources */,
				2C9AD9EE281E083900C49EA8 /* GUUID.c in Sources */,
				2C9ADA0F281E08C700C49EA8 /* StringIO.c in Sources */,
				2C9ADA11281E08C700C49EA8 /* LocalizationIO.c in Sources */,
			);
			runOnlyForDeploymentPostprocessing = 0;
		};
		2C9ADA50281E19D800C49EA8 /* Sources */ = {
			isa = PBXSourcesBuildPhase;
			buildActionMask = 2147483647;
			files = (
				2C9ADAEA281E1AAA00C49EA8 /* Test_AsynchronousIO.c in Sources */,
			);
			runOnlyForDeploymentPostprocessing = 0;
		};
		2C9ADA5B281E19E300C49EA8 /* Sources */ = {
			isa = PBXSourcesBuildPhase;
			buildActionMask = 2147483647;
			files = (
				2C9ADAEB281E1AAD00C49EA8 /* Test_BufferIO.c in Sources */,
			);
			runOnlyForDeploymentPostprocessing = 0;
		};
		2C9ADA66281E19ED00C49EA8 /* Sources */ = {
			isa = PBXSourcesBuildPhase;
			buildActionMask = 2147483647;
			files = (
				2C9ADAEC281E1AB000C49EA8 /* Test_CryptographyIO.c in Sources */,
			);
			runOnlyForDeploymentPostprocessing = 0;
		};
		2C9ADA71281E19F600C49EA8 /* Sources */ = {
			isa = PBXSourcesBuildPhase;
			buildActionMask = 2147483647;
			files = (
				2C9ADAED281E1AB500C49EA8 /* Test_FileIO.c in Sources */,
			);
			runOnlyForDeploymentPostprocessing = 0;
		};
		2C9ADA7C281E1A0100C49EA8 /* Sources */ = {
			isa = PBXSourcesBuildPhase;
			buildActionMask = 2147483647;
			files = (
				2C9ADAEE281E1AB900C49EA8 /* Test_GUUID.c in Sources */,
			);
			runOnlyForDeploymentPostprocessing = 0;
		};
		2C9ADA87281E1A0C00C49EA8 /* Sources */ = {
			isa = PBXSourcesBuildPhase;
			buildActionMask = 2147483647;
			files = (
				2C9ADAEF281E1ABC00C49EA8 /* Test_MathIO.c in Sources */,
			);
			runOnlyForDeploymentPostprocessing = 0;
		};
		2C9ADA92281E1A2700C49EA8 /* Sources */ = {
			isa = PBXSourcesBuildPhase;
			buildActionMask = 2147483647;
			files = (
				2C9ADAF0281E1ABF00C49EA8 /* Test_NetworkIO.c in Sources */,
			);
			runOnlyForDeploymentPostprocessing = 0;
		};
		2C9ADA9D281E1A3E00C49EA8 /* Sources */ = {
			isa = PBXSourcesBuildPhase;
			buildActionMask = 2147483647;
			files = (
				2C9ADAF1281E1AC200C49EA8 /* Test_PlatformIO.c in Sources */,
			);
			runOnlyForDeploymentPostprocessing = 0;
		};
		2C9ADAA8281E1A4E00C49EA8 /* Sources */ = {
			isa = PBXSourcesBuildPhase;
			buildActionMask = 2147483647;
			files = (
				2C9ADAF2281E1ACB00C49EA8 /* Test_CommandLineIO.c in Sources */,
			);
			runOnlyForDeploymentPostprocessing = 0;
		};
		2C9ADAB3281E1A5A00C49EA8 /* Sources */ = {
			isa = PBXSourcesBuildPhase;
			buildActionMask = 2147483647;
			files = (
				2C9ADAF3281E1ACF00C49EA8 /* Test_FormatIO.c in Sources */,
			);
			runOnlyForDeploymentPostprocessing = 0;
		};
		2C9ADABE281E1A6500C49EA8 /* Sources */ = {
			isa = PBXSourcesBuildPhase;
			buildActionMask = 2147483647;
			files = (
				2C9ADAF4281E1AD300C49EA8 /* Test_LocalizationIO.c in Sources */,
			);
			runOnlyForDeploymentPostprocessing = 0;
		};
		2C9ADAC9281E1A7000C49EA8 /* Sources */ = {
			isa = PBXSourcesBuildPhase;
			buildActionMask = 2147483647;
			files = (
				2C9ADAF5281E1AD700C49EA8 /* Test_LogIO.c in Sources */,
			);
			runOnlyForDeploymentPostprocessing = 0;
		};
		2C9ADAD4281E1A7A00C49EA8 /* Sources */ = {
			isa = PBXSourcesBuildPhase;
			buildActionMask = 2147483647;
			files = (
				2C9ADAF6281E1ADA00C49EA8 /* Test_StringIO.c in Sources */,
			);
			runOnlyForDeploymentPostprocessing = 0;
		};
		2C9ADADF281E1A8600C49EA8 /* Sources */ = {
			isa = PBXSourcesBuildPhase;
			buildActionMask = 2147483647;
			files = (
				2C0FD0DF281E1B0300B8E570 /* Test_StringSetIO.c in Sources */,
			);
			runOnlyForDeploymentPostprocessing = 0;
		};
/* End PBXSourcesBuildPhase section */

/* Begin PBXTargetDependency section */
		2C0FD0F0281E225F00B8E570 /* PBXTargetDependency */ = {
			isa = PBXTargetDependency;
			target = 2C9AD9D4281E078C00C49EA8 /* FoundationIO */;
			targetProxy = 2C0FD0EF281E225F00B8E570 /* PBXContainerItemProxy */;
		};
/* End PBXTargetDependency section */

/* Begin XCBuildConfiguration section */
		2C9AD9DA281E078C00C49EA8 /* Debug */ = {
			isa = XCBuildConfiguration;
			buildSettings = {
				ALWAYS_SEARCH_USER_PATHS = NO;
				CLANG_ANALYZER_NONNULL = YES;
				CLANG_ANALYZER_NUMBER_OBJECT_CONVERSION = YES_AGGRESSIVE;
				CLANG_ANALYZER_SECURITY_FLOATLOOPCOUNTER = YES;
				CLANG_ANALYZER_SECURITY_INSECUREAPI_RAND = YES;
				CLANG_ANALYZER_SECURITY_INSECUREAPI_STRCPY = YES;
				CLANG_CXX_LANGUAGE_STANDARD = "gnu++20";
				CLANG_CXX_LIBRARY = "libc++";
				CLANG_ENABLE_MODULES = NO;
				CLANG_ENABLE_OBJC_ARC = YES;
				CLANG_ENABLE_OBJC_WEAK = YES;
				CLANG_TIDY_BUGPRONE_REDUNDANT_BRANCH_CONDITION = YES;
				CLANG_TIDY_MISC_REDUNDANT_EXPRESSION = YES;
				CLANG_WARN_ASSIGN_ENUM = YES;
				CLANG_WARN_BLOCK_CAPTURE_AUTORELEASING = YES;
				CLANG_WARN_BOOL_CONVERSION = YES;
				CLANG_WARN_COMMA = NO;
				CLANG_WARN_COMPLETION_HANDLER_MISUSE = YES;
				CLANG_WARN_CONSTANT_CONVERSION = YES;
				CLANG_WARN_DEPRECATED_OBJC_IMPLEMENTATIONS = YES;
				CLANG_WARN_DIRECT_OBJC_ISA_USAGE = NO;
				CLANG_WARN_DOCUMENTATION_COMMENTS = YES;
				CLANG_WARN_EMPTY_BODY = YES;
				CLANG_WARN_ENUM_CONVERSION = YES;
				CLANG_WARN_FRAMEWORK_INCLUDE_PRIVATE_FROM_PUBLIC = YES;
				CLANG_WARN_IMPLICIT_SIGN_CONVERSION = YES;
				CLANG_WARN_INFINITE_RECURSION = YES;
				CLANG_WARN_INT_CONVERSION = YES;
				CLANG_WARN_NON_LITERAL_NULL_CONVERSION = YES;
				CLANG_WARN_OBJC_IMPLICIT_RETAIN_SELF = YES;
				CLANG_WARN_OBJC_LITERAL_CONVERSION = YES;
				CLANG_WARN_OBJC_ROOT_CLASS = YES_ERROR;
				CLANG_WARN_QUOTED_INCLUDE_IN_FRAMEWORK_HEADER = YES;
				CLANG_WARN_RANGE_LOOP_ANALYSIS = YES;
				CLANG_WARN_STRICT_PROTOTYPES = YES;
				CLANG_WARN_SUSPICIOUS_IMPLICIT_CONVERSION = YES;
				CLANG_WARN_SUSPICIOUS_MOVE = YES;
				CLANG_WARN_UNGUARDED_AVAILABILITY = YES_AGGRESSIVE;
				CLANG_WARN_UNREACHABLE_CODE = YES;
				CLANG_WARN__DUPLICATE_METHOD_MATCH = YES;
				CODE_SIGN_STYLE = Automatic;
				COMBINE_HIDPI_IMAGES = YES;
				COMPILER_INDEX_STORE_ENABLE = NO;
				COPY_PHASE_STRIP = NO;
				CURRENT_PROJECT_VERSION = 1;
				DEAD_CODE_STRIPPING = YES;
				DEBUG_INFORMATION_FORMAT = dwarf;
				DEFINES_MODULE = NO;
				DEVELOPMENT_TEAM = 628J9L7WK5;
				DYLIB_COMPATIBILITY_VERSION = 1;
				DYLIB_CURRENT_VERSION = 1;
				DYLIB_INSTALL_NAME_BASE = "@rpath";
				ENABLE_STRICT_OBJC_MSGSEND = YES;
				ENABLE_TESTABILITY = YES;
				GCC_C_LANGUAGE_STANDARD = gnu11;
				GCC_DYNAMIC_NO_PIC = NO;
				GCC_ENABLE_CPP_EXCEPTIONS = NO;
				GCC_ENABLE_CPP_RTTI = NO;
				GCC_NO_COMMON_BLOCKS = YES;
				GCC_OPTIMIZATION_LEVEL = 1;
				GCC_PREPROCESSOR_DEFINITIONS = (
					"DEBUG=1",
					"$(inherited)",
				);
				GCC_TREAT_IMPLICIT_FUNCTION_DECLARATIONS_AS_ERRORS = YES;
				GCC_WARN_64_TO_32_BIT_CONVERSION = NO;
				GCC_WARN_ABOUT_MISSING_FIELD_INITIALIZERS = YES;
				GCC_WARN_ABOUT_MISSING_NEWLINE = YES;
				GCC_WARN_ABOUT_MISSING_PROTOTYPES = YES;
				GCC_WARN_ABOUT_RETURN_TYPE = YES_ERROR;
				GCC_WARN_INITIALIZER_NOT_FULLY_BRACKETED = YES;
				GCC_WARN_PEDANTIC = NO;
				GCC_WARN_SIGN_COMPARE = YES;
				GCC_WARN_UNDECLARED_SELECTOR = YES;
				GCC_WARN_UNINITIALIZED_AUTOS = YES_AGGRESSIVE;
				GCC_WARN_UNUSED_FUNCTION = YES;
				GCC_WARN_UNUSED_LABEL = YES;
				GCC_WARN_UNUSED_PARAMETER = YES;
				GCC_WARN_UNUSED_VARIABLE = YES;
				GENERATE_INFOPLIST_FILE = YES;
				INFOPLIST_KEY_NSHumanReadableCopyright = "2015+";
				INFOPLIST_OUTPUT_FORMAT = binary;
				INSTALL_PATH = "$(LOCAL_LIBRARY_DIR)/Frameworks";
				LD_RUNPATH_SEARCH_PATHS = (
					"$(inherited)",
					"@executable_path/../Frameworks",
					"@loader_path/Frameworks",
				);
				LLVM_LTO = NO;
				MACOSX_DEPLOYMENT_TARGET = 10.12;
				MARKETING_VERSION = 1.0;
				MTL_ENABLE_DEBUG_INFO = INCLUDE_SOURCE;
				MTL_FAST_MATH = YES;
				ONLY_ACTIVE_ARCH = YES;
				PLIST_FILE_OUTPUT_FORMAT = binary;
				PRODUCT_BUNDLE_IDENTIFIER = com.MarcusJohnson.FoundationIO;
				PRODUCT_NAME = "$(TARGET_NAME:c99extidentifier)";
				SDKROOT = macosx;
				SKIP_INSTALL = YES;
				STRINGS_FILE_OUTPUT_ENCODING = "UTF-8";
				SWIFT_EMIT_LOC_STRINGS = YES;
				VERSIONING_SYSTEM = "apple-generic";
				VERSION_INFO_PREFIX = "";
			};
			name = Debug;
		};
		2C9AD9DB281E078C00C49EA8 /* Release */ = {
			isa = XCBuildConfiguration;
			buildSettings = {
				ALWAYS_SEARCH_USER_PATHS = NO;
				CLANG_ANALYZER_NONNULL = YES;
				CLANG_ANALYZER_NUMBER_OBJECT_CONVERSION = YES_AGGRESSIVE;
				CLANG_ANALYZER_SECURITY_FLOATLOOPCOUNTER = YES;
				CLANG_ANALYZER_SECURITY_INSECUREAPI_RAND = YES;
				CLANG_ANALYZER_SECURITY_INSECUREAPI_STRCPY = YES;
				CLANG_CXX_LANGUAGE_STANDARD = "gnu++20";
				CLANG_CXX_LIBRARY = "libc++";
				CLANG_ENABLE_MODULES = NO;
				CLANG_ENABLE_OBJC_ARC = YES;
				CLANG_ENABLE_OBJC_WEAK = YES;
				CLANG_TIDY_BUGPRONE_REDUNDANT_BRANCH_CONDITION = YES;
				CLANG_TIDY_MISC_REDUNDANT_EXPRESSION = YES;
				CLANG_WARN_ASSIGN_ENUM = YES;
				CLANG_WARN_BLOCK_CAPTURE_AUTORELEASING = YES;
				CLANG_WARN_BOOL_CONVERSION = YES;
				CLANG_WARN_COMMA = NO;
				CLANG_WARN_COMPLETION_HANDLER_MISUSE = YES;
				CLANG_WARN_CONSTANT_CONVERSION = YES;
				CLANG_WARN_DEPRECATED_OBJC_IMPLEMENTATIONS = YES;
				CLANG_WARN_DIRECT_OBJC_ISA_USAGE = NO;
				CLANG_WARN_DOCUMENTATION_COMMENTS = YES;
				CLANG_WARN_EMPTY_BODY = YES;
				CLANG_WARN_ENUM_CONVERSION = YES;
				CLANG_WARN_FRAMEWORK_INCLUDE_PRIVATE_FROM_PUBLIC = YES;
				CLANG_WARN_IMPLICIT_SIGN_CONVERSION = YES;
				CLANG_WARN_INFINITE_RECURSION = YES;
				CLANG_WARN_INT_CONVERSION = YES;
				CLANG_WARN_NON_LITERAL_NULL_CONVERSION = YES;
				CLANG_WARN_OBJC_IMPLICIT_RETAIN_SELF = YES;
				CLANG_WARN_OBJC_LITERAL_CONVERSION = YES;
				CLANG_WARN_OBJC_ROOT_CLASS = YES_ERROR;
				CLANG_WARN_QUOTED_INCLUDE_IN_FRAMEWORK_HEADER = YES;
				CLANG_WARN_RANGE_LOOP_ANALYSIS = YES;
				CLANG_WARN_STRICT_PROTOTYPES = YES;
				CLANG_WARN_SUSPICIOUS_IMPLICIT_CONVERSION = YES;
				CLANG_WARN_SUSPICIOUS_MOVE = YES;
				CLANG_WARN_UNGUARDED_AVAILABILITY = YES_AGGRESSIVE;
				CLANG_WARN_UNREACHABLE_CODE = YES;
				CLANG_WARN__DUPLICATE_METHOD_MATCH = YES;
				CODE_SIGN_STYLE = Automatic;
				COMBINE_HIDPI_IMAGES = YES;
				COMPILER_INDEX_STORE_ENABLE = NO;
				COPY_PHASE_STRIP = YES;
				CURRENT_PROJECT_VERSION = 1;
				DEAD_CODE_STRIPPING = YES;
				DEBUG_INFORMATION_FORMAT = "dwarf-with-dsym";
				DEFINES_MODULE = NO;
				DEPLOYMENT_POSTPROCESSING = YES;
				DEVELOPMENT_TEAM = 628J9L7WK5;
				DYLIB_COMPATIBILITY_VERSION = 1;
				DYLIB_CURRENT_VERSION = 1;
				DYLIB_INSTALL_NAME_BASE = "@rpath";
				ENABLE_NS_ASSERTIONS = NO;
				ENABLE_STRICT_OBJC_MSGSEND = YES;
				GCC_C_LANGUAGE_STANDARD = gnu11;
				GCC_ENABLE_CPP_EXCEPTIONS = NO;
				GCC_ENABLE_CPP_RTTI = NO;
				GCC_NO_COMMON_BLOCKS = YES;
				GCC_OPTIMIZATION_LEVEL = z;
				GCC_TREAT_IMPLICIT_FUNCTION_DECLARATIONS_AS_ERRORS = YES;
				GCC_WARN_64_TO_32_BIT_CONVERSION = NO;
				GCC_WARN_ABOUT_MISSING_FIELD_INITIALIZERS = YES;
				GCC_WARN_ABOUT_MISSING_NEWLINE = YES;
				GCC_WARN_ABOUT_MISSING_PROTOTYPES = YES;
				GCC_WARN_ABOUT_RETURN_TYPE = YES_ERROR;
				GCC_WARN_INITIALIZER_NOT_FULLY_BRACKETED = YES;
				GCC_WARN_PEDANTIC = NO;
				GCC_WARN_SIGN_COMPARE = YES;
				GCC_WARN_UNDECLARED_SELECTOR = YES;
				GCC_WARN_UNINITIALIZED_AUTOS = YES_AGGRESSIVE;
				GCC_WARN_UNUSED_FUNCTION = YES;
				GCC_WARN_UNUSED_LABEL = YES;
				GCC_WARN_UNUSED_PARAMETER = YES;
				GCC_WARN_UNUSED_VARIABLE = YES;
				GENERATE_INFOPLIST_FILE = YES;
				INFOPLIST_KEY_NSHumanReadableCopyright = "2015+";
				INFOPLIST_OUTPUT_FORMAT = binary;
				INSTALL_PATH = "$(LOCAL_LIBRARY_DIR)/Frameworks";
				LD_RUNPATH_SEARCH_PATHS = (
					"$(inherited)",
					"@executable_path/../Frameworks",
					"@loader_path/Frameworks",
				);
				LLVM_LTO = YES;
				MACOSX_DEPLOYMENT_TARGET = 10.12;
				MARKETING_VERSION = 1.0;
				MTL_ENABLE_DEBUG_INFO = NO;
				MTL_FAST_MATH = YES;
				PLIST_FILE_OUTPUT_FORMAT = binary;
				PRODUCT_BUNDLE_IDENTIFIER = com.MarcusJohnson.FoundationIO;
				PRODUCT_NAME = "$(TARGET_NAME:c99extidentifier)";
				SDKROOT = macosx;
				SKIP_INSTALL = YES;
				STRINGS_FILE_OUTPUT_ENCODING = "UTF-8";
				SWIFT_EMIT_LOC_STRINGS = YES;
				VERSIONING_SYSTEM = "apple-generic";
				VERSION_INFO_PREFIX = "";
			};
			name = Release;
		};
		2C9ADADE281E1A7A00C49EA8 /* Release */ = {
			isa = XCBuildConfiguration;
			buildSettings = {
				CODE_SIGN_IDENTITY = "-";
				CODE_SIGN_STYLE = Automatic;
				DEVELOPMENT_TEAM = 628J9L7WK5;
				ENABLE_HARDENED_RUNTIME = YES;
				PRODUCT_NAME = "$(TARGET_NAME)";
			};
			name = Release;
		};
		2C9ADAE8281E1A8600C49EA8 /* Debug */ = {
			isa = XCBuildConfiguration;
			buildSettings = {
				CODE_SIGN_IDENTITY = "-";
				CODE_SIGN_STYLE = Automatic;
				DEVELOPMENT_TEAM = 628J9L7WK5;
				ENABLE_HARDENED_RUNTIME = YES;
				PRODUCT_NAME = "$(TARGET_NAME)";
			};
			name = Debug;
		};
/* End XCBuildConfiguration section */

/* Begin XCConfigurationList section */
		2C9AD9CF281E078C00C49EA8 /* Build configuration list for PBXProject "FoundationIO" */ = {
			isa = XCConfigurationList;
			buildConfigurations = (
				2C9AD9DA281E078C00C49EA8 /* Debug */,
				2C9AD9DB281E078C00C49EA8 /* Release */,
			);
			defaultConfigurationIsVisible = 0;
			defaultConfigurationName = Release;
		};
		2C9AD9DC281E078C00C49EA8 /* Build configuration list for PBXNativeTarget "FoundationIO" */ = {
			isa = XCConfigurationList;
			buildConfigurations = (
				2C9AD9DA281E078C00C49EA8 /* Debug */,
				2C9AD9DB281E078C00C49EA8 /* Release */,
			);
			defaultConfigurationIsVisible = 0;
			defaultConfigurationName = Release;
		};
		2C9ADA58281E19D800C49EA8 /* Build configuration list for PBXNativeTarget "Test_AsynchronousIO" */ = {
			isa = XCConfigurationList;
			buildConfigurations = (
				2C9ADAE8281E1A8600C49EA8 /* Debug */,
				2C9ADADE281E1A7A00C49EA8 /* Release */,
			);
			defaultConfigurationIsVisible = 0;
			defaultConfigurationName = Release;
		};
		2C9ADA63281E19E300C49EA8 /* Build configuration list for PBXNativeTarget "Test_BufferIO" */ = {
			isa = XCConfigurationList;
			buildConfigurations = (
				2C9ADAE8281E1A8600C49EA8 /* Debug */,
				2C9ADADE281E1A7A00C49EA8 /* Release */,
			);
			defaultConfigurationIsVisible = 0;
			defaultConfigurationName = Release;
		};
		2C9ADA6E281E19ED00C49EA8 /* Build configuration list for PBXNativeTarget "Test_CryptographyIO" */ = {
			isa = XCConfigurationList;
			buildConfigurations = (
				2C9ADAE8281E1A8600C49EA8 /* Debug */,
				2C9ADADE281E1A7A00C49EA8 /* Release */,
			);
			defaultConfigurationIsVisible = 0;
			defaultConfigurationName = Release;
		};
		2C9ADA79281E19F600C49EA8 /* Build configuration list for PBXNativeTarget "Test_FileIO" */ = {
			isa = XCConfigurationList;
			buildConfigurations = (
				2C9ADAE8281E1A8600C49EA8 /* Debug */,
				2C9ADADE281E1A7A00C49EA8 /* Release */,
			);
			defaultConfigurationIsVisible = 0;
			defaultConfigurationName = Release;
		};
		2C9ADA84281E1A0100C49EA8 /* Build configuration list for PBXNativeTarget "Test_GUUID" */ = {
			isa = XCConfigurationList;
			buildConfigurations = (
				2C9ADAE8281E1A8600C49EA8 /* Debug */,
				2C9ADADE281E1A7A00C49EA8 /* Release */,
			);
			defaultConfigurationIsVisible = 0;
			defaultConfigurationName = Release;
		};
		2C9ADA8F281E1A0C00C49EA8 /* Build configuration list for PBXNativeTarget "Test_MathIO" */ = {
			isa = XCConfigurationList;
			buildConfigurations = (
				2C9ADAE8281E1A8600C49EA8 /* Debug */,
				2C9ADADE281E1A7A00C49EA8 /* Release */,
			);
			defaultConfigurationIsVisible = 0;
			defaultConfigurationName = Release;
		};
		2C9ADA9A281E1A2700C49EA8 /* Build configuration list for PBXNativeTarget "Test_NetworkIO" */ = {
			isa = XCConfigurationList;
			buildConfigurations = (
				2C9ADAE8281E1A8600C49EA8 /* Debug */,
				2C9ADADE281E1A7A00C49EA8 /* Release */,
			);
			defaultConfigurationIsVisible = 0;
			defaultConfigurationName = Release;
		};
		2C9ADAA5281E1A3E00C49EA8 /* Build configuration list for PBXNativeTarget "Test_PlatformIO" */ = {
			isa = XCConfigurationList;
			buildConfigurations = (
				2C9ADAE8281E1A8600C49EA8 /* Debug */,
				2C9ADADE281E1A7A00C49EA8 /* Release */,
			);
			defaultConfigurationIsVisible = 0;
			defaultConfigurationName = Release;
		};
		2C9ADAB0281E1A4E00C49EA8 /* Build configuration list for PBXNativeTarget "Test_CommandLineIO" */ = {
			isa = XCConfigurationList;
			buildConfigurations = (
				2C9ADAE8281E1A8600C49EA8 /* Debug */,
				2C9ADADE281E1A7A00C49EA8 /* Release */,
			);
			defaultConfigurationIsVisible = 0;
			defaultConfigurationName = Release;
		};
		2C9ADABB281E1A5A00C49EA8 /* Build configuration list for PBXNativeTarget "Test_FormatIO" */ = {
			isa = XCConfigurationList;
			buildConfigurations = (
				2C9ADAE8281E1A8600C49EA8 /* Debug */,
				2C9ADADE281E1A7A00C49EA8 /* Release */,
			);
			defaultConfigurationIsVisible = 0;
			defaultConfigurationName = Release;
		};
		2C9ADAC6281E1A6500C49EA8 /* Build configuration list for PBXNativeTarget "Test_LocalizationIO" */ = {
			isa = XCConfigurationList;
			buildConfigurations = (
				2C9ADAE8281E1A8600C49EA8 /* Debug */,
				2C9ADADE281E1A7A00C49EA8 /* Release */,
			);
			defaultConfigurationIsVisible = 0;
			defaultConfigurationName = Release;
		};
		2C9ADAD1281E1A7000C49EA8 /* Build configuration list for PBXNativeTarget "Test_LogIO" */ = {
			isa = XCConfigurationList;
			buildConfigurations = (
				2C9ADAE8281E1A8600C49EA8 /* Debug */,
				2C9ADADE281E1A7A00C49EA8 /* Release */,
			);
			defaultConfigurationIsVisible = 0;
			defaultConfigurationName = Release;
		};
		2C9ADADC281E1A7A00C49EA8 /* Build configuration list for PBXNativeTarget "Test_StringIO" */ = {
			isa = XCConfigurationList;
			buildConfigurations = (
				2C9ADAE8281E1A8600C49EA8 /* Debug */,
				2C9ADADE281E1A7A00C49EA8 /* Release */,
			);
			defaultConfigurationIsVisible = 0;
			defaultConfigurationName = Release;
		};
		2C9ADAE7281E1A8600C49EA8 /* Build configuration list for PBXNativeTarget "Test_StringSetIO" */ = {
			isa = XCConfigurationList;
			buildConfigurations = (
				2C9ADAE8281E1A8600C49EA8 /* Debug */,
				2C9ADADE281E1A7A00C49EA8 /* Release */,
			);
			defaultConfigurationIsVisible = 0;
			defaultConfigurationName = Release;
		};
/* End XCConfigurationList section */
	};
	rootObject = 2C9AD9CC281E078C00C49EA8 /* Project object */;
}
